// !$*UTF8*$!
{
	archiveVersion = 1;
	classes = {
	};
	objectVersion = 50;
	objects = {

/* Begin PBXBuildFile section */
		618780C124E0CF5C00ED6184 /* AppDelegate.swift in Sources */ = {isa = PBXBuildFile; fileRef = 618780C024E0CF5C00ED6184 /* AppDelegate.swift */; };
		618780C324E0CF5C00ED6184 /* SceneDelegate.swift in Sources */ = {isa = PBXBuildFile; fileRef = 618780C224E0CF5C00ED6184 /* SceneDelegate.swift */; };
		618780C524E0CF5C00ED6184 /* ViewController.swift in Sources */ = {isa = PBXBuildFile; fileRef = 618780C424E0CF5C00ED6184 /* ViewController.swift */; };
		618780C824E0CF5C00ED6184 /* Main.storyboard in Resources */ = {isa = PBXBuildFile; fileRef = 618780C624E0CF5C00ED6184 /* Main.storyboard */; };
		618780CB24E0CF5C00ED6184 /* Counters.xcdatamodeld in Sources */ = {isa = PBXBuildFile; fileRef = 618780C924E0CF5C00ED6184 /* Counters.xcdatamodeld */; };
		618780CD24E0CF5D00ED6184 /* Assets.xcassets in Resources */ = {isa = PBXBuildFile; fileRef = 618780CC24E0CF5D00ED6184 /* Assets.xcassets */; };
		618780D024E0CF5D00ED6184 /* LaunchScreen.storyboard in Resources */ = {isa = PBXBuildFile; fileRef = 618780CE24E0CF5D00ED6184 /* LaunchScreen.storyboard */; };
		618780DB24E0CF5D00ED6184 /* CountersTests.swift in Sources */ = {isa = PBXBuildFile; fileRef = 618780DA24E0CF5D00ED6184 /* CountersTests.swift */; };
		618780E624E0CF5D00ED6184 /* CountersUITests.swift in Sources */ = {isa = PBXBuildFile; fileRef = 618780E524E0CF5D00ED6184 /* CountersUITests.swift */; };
		618780F824E0CFAE00ED6184 /* UIColor+Style.swift in Sources */ = {isa = PBXBuildFile; fileRef = 618780F524E0CFAE00ED6184 /* UIColor+Style.swift */; };
		618780F924E0CFAE00ED6184 /* Fonts.swift in Sources */ = {isa = PBXBuildFile; fileRef = 618780F624E0CFAE00ED6184 /* Fonts.swift */; };
		618780FA24E0CFAE00ED6184 /* Language.swift in Sources */ = {isa = PBXBuildFile; fileRef = 618780F724E0CFAE00ED6184 /* Language.swift */; };
		618780FC24E0CFB400ED6184 /* Image.swift in Sources */ = {isa = PBXBuildFile; fileRef = 618780FB24E0CFB400ED6184 /* Image.swift */; };
		618780FE24E0D0B700ED6184 /* Localizable.strings in Resources */ = {isa = PBXBuildFile; fileRef = 618780FD24E0D0B700ED6184 /* Localizable.strings */; };
		6187810124E0F3C900ED6184 /* UILabel+Style.swift in Sources */ = {isa = PBXBuildFile; fileRef = 6187810024E0F3C900ED6184 /* UILabel+Style.swift */; };
		6187810324E0F49B00ED6184 /* UIButton+Style.swift in Sources */ = {isa = PBXBuildFile; fileRef = 6187810224E0F49B00ED6184 /* UIButton+Style.swift */; };
/* End PBXBuildFile section */

/* Begin PBXContainerItemProxy section */
		618780D724E0CF5D00ED6184 /* PBXContainerItemProxy */ = {
			isa = PBXContainerItemProxy;
			containerPortal = 618780B524E0CF5B00ED6184 /* Project object */;
			proxyType = 1;
			remoteGlobalIDString = 618780BC24E0CF5B00ED6184;
			remoteInfo = Counters;
		};
		618780E224E0CF5D00ED6184 /* PBXContainerItemProxy */ = {
			isa = PBXContainerItemProxy;
			containerPortal = 618780B524E0CF5B00ED6184 /* Project object */;
			proxyType = 1;
			remoteGlobalIDString = 618780BC24E0CF5B00ED6184;
			remoteInfo = Counters;
		};
/* End PBXContainerItemProxy section */

/* Begin PBXFileReference section */
		618780BD24E0CF5B00ED6184 /* Counters.app */ = {isa = PBXFileReference; explicitFileType = wrapper.application; includeInIndex = 0; path = Counters.app; sourceTree = BUILT_PRODUCTS_DIR; };
		618780C024E0CF5C00ED6184 /* AppDelegate.swift */ = {isa = PBXFileReference; lastKnownFileType = sourcecode.swift; path = AppDelegate.swift; sourceTree = "<group>"; };
		618780C224E0CF5C00ED6184 /* SceneDelegate.swift */ = {isa = PBXFileReference; lastKnownFileType = sourcecode.swift; path = SceneDelegate.swift; sourceTree = "<group>"; };
		618780C424E0CF5C00ED6184 /* ViewController.swift */ = {isa = PBXFileReference; lastKnownFileType = sourcecode.swift; path = ViewController.swift; sourceTree = "<group>"; };
		618780C724E0CF5C00ED6184 /* Base */ = {isa = PBXFileReference; lastKnownFileType = file.storyboard; name = Base; path = Base.lproj/Main.storyboard; sourceTree = "<group>"; };
		618780CA24E0CF5C00ED6184 /* Counters.xcdatamodel */ = {isa = PBXFileReference; lastKnownFileType = wrapper.xcdatamodel; path = Counters.xcdatamodel; sourceTree = "<group>"; };
		618780CC24E0CF5D00ED6184 /* Assets.xcassets */ = {isa = PBXFileReference; lastKnownFileType = folder.assetcatalog; path = Assets.xcassets; sourceTree = "<group>"; };
		618780CF24E0CF5D00ED6184 /* Base */ = {isa = PBXFileReference; lastKnownFileType = file.storyboard; name = Base; path = Base.lproj/LaunchScreen.storyboard; sourceTree = "<group>"; };
		618780D124E0CF5D00ED6184 /* Info.plist */ = {isa = PBXFileReference; lastKnownFileType = text.plist.xml; path = Info.plist; sourceTree = "<group>"; };
		618780D624E0CF5D00ED6184 /* CountersTests.xctest */ = {isa = PBXFileReference; explicitFileType = wrapper.cfbundle; includeInIndex = 0; path = CountersTests.xctest; sourceTree = BUILT_PRODUCTS_DIR; };
		618780DA24E0CF5D00ED6184 /* CountersTests.swift */ = {isa = PBXFileReference; lastKnownFileType = sourcecode.swift; path = CountersTests.swift; sourceTree = "<group>"; };
		618780DC24E0CF5D00ED6184 /* Info.plist */ = {isa = PBXFileReference; lastKnownFileType = text.plist.xml; path = Info.plist; sourceTree = "<group>"; };
		618780E124E0CF5D00ED6184 /* CountersUITests.xctest */ = {isa = PBXFileReference; explicitFileType = wrapper.cfbundle; includeInIndex = 0; path = CountersUITests.xctest; sourceTree = BUILT_PRODUCTS_DIR; };
		618780E524E0CF5D00ED6184 /* CountersUITests.swift */ = {isa = PBXFileReference; lastKnownFileType = sourcecode.swift; path = CountersUITests.swift; sourceTree = "<group>"; };
		618780E724E0CF5D00ED6184 /* Info.plist */ = {isa = PBXFileReference; lastKnownFileType = text.plist.xml; path = Info.plist; sourceTree = "<group>"; };
		618780F524E0CFAE00ED6184 /* UIColor+Style.swift */ = {isa = PBXFileReference; fileEncoding = 4; lastKnownFileType = sourcecode.swift; path = "UIColor+Style.swift"; sourceTree = "<group>"; };
		618780F624E0CFAE00ED6184 /* Fonts.swift */ = {isa = PBXFileReference; fileEncoding = 4; lastKnownFileType = sourcecode.swift; path = Fonts.swift; sourceTree = "<group>"; };
		618780F724E0CFAE00ED6184 /* Language.swift */ = {isa = PBXFileReference; fileEncoding = 4; lastKnownFileType = sourcecode.swift; path = Language.swift; sourceTree = "<group>"; };
		618780FB24E0CFB400ED6184 /* Image.swift */ = {isa = PBXFileReference; fileEncoding = 4; lastKnownFileType = sourcecode.swift; path = Image.swift; sourceTree = "<group>"; };
		618780FD24E0D0B700ED6184 /* Localizable.strings */ = {isa = PBXFileReference; lastKnownFileType = text.plist.strings; path = Localizable.strings; sourceTree = "<group>"; };
		6187810024E0F3C900ED6184 /* UILabel+Style.swift */ = {isa = PBXFileReference; lastKnownFileType = sourcecode.swift; path = "UILabel+Style.swift"; sourceTree = "<group>"; };
		6187810224E0F49B00ED6184 /* UIButton+Style.swift */ = {isa = PBXFileReference; lastKnownFileType = sourcecode.swift; path = "UIButton+Style.swift"; sourceTree = "<group>"; };
/* End PBXFileReference section */

/* Begin PBXFrameworksBuildPhase section */
		618780BA24E0CF5B00ED6184 /* Frameworks */ = {
			isa = PBXFrameworksBuildPhase;
			buildActionMask = 2147483647;
			files = (
			);
			runOnlyForDeploymentPostprocessing = 0;
		};
		618780D324E0CF5D00ED6184 /* Frameworks */ = {
			isa = PBXFrameworksBuildPhase;
			buildActionMask = 2147483647;
			files = (
			);
			runOnlyForDeploymentPostprocessing = 0;
		};
		618780DE24E0CF5D00ED6184 /* Frameworks */ = {
			isa = PBXFrameworksBuildPhase;
			buildActionMask = 2147483647;
			files = (
			);
			runOnlyForDeploymentPostprocessing = 0;
		};
/* End PBXFrameworksBuildPhase section */

/* Begin PBXGroup section */
		618780B424E0CF5B00ED6184 = {
			isa = PBXGroup;
			children = (
				618780BF24E0CF5B00ED6184 /* Counters */,
				618780D924E0CF5D00ED6184 /* CountersTests */,
				618780E424E0CF5D00ED6184 /* CountersUITests */,
				618780BE24E0CF5B00ED6184 /* Products */,
			);
			sourceTree = "<group>";
		};
		618780BE24E0CF5B00ED6184 /* Products */ = {
			isa = PBXGroup;
			children = (
				618780BD24E0CF5B00ED6184 /* Counters.app */,
				618780D624E0CF5D00ED6184 /* CountersTests.xctest */,
				618780E124E0CF5D00ED6184 /* CountersUITests.xctest */,
			);
			name = Products;
			sourceTree = "<group>";
		};
		618780BF24E0CF5B00ED6184 /* Counters */ = {
			isa = PBXGroup;
			children = (
				618780F324E0CF8200ED6184 /* Components */,
				618780C024E0CF5C00ED6184 /* AppDelegate.swift */,
				618780C224E0CF5C00ED6184 /* SceneDelegate.swift */,
				618780C424E0CF5C00ED6184 /* ViewController.swift */,
				618780C624E0CF5C00ED6184 /* Main.storyboard */,
				618780CC24E0CF5D00ED6184 /* Assets.xcassets */,
				618780CE24E0CF5D00ED6184 /* LaunchScreen.storyboard */,
				618780D124E0CF5D00ED6184 /* Info.plist */,
				618780C924E0CF5C00ED6184 /* Counters.xcdatamodeld */,
				618780FD24E0D0B700ED6184 /* Localizable.strings */,
			);
			path = Counters;
			sourceTree = "<group>";
		};
		618780D924E0CF5D00ED6184 /* CountersTests */ = {
			isa = PBXGroup;
			children = (
				618780DA24E0CF5D00ED6184 /* CountersTests.swift */,
				618780DC24E0CF5D00ED6184 /* Info.plist */,
			);
			path = CountersTests;
			sourceTree = "<group>";
		};
		618780E424E0CF5D00ED6184 /* CountersUITests */ = {
			isa = PBXGroup;
			children = (
				618780E524E0CF5D00ED6184 /* CountersUITests.swift */,
				618780E724E0CF5D00ED6184 /* Info.plist */,
			);
			path = CountersUITests;
			sourceTree = "<group>";
		};
		618780F324E0CF8200ED6184 /* Components */ = {
			isa = PBXGroup;
			children = (
				618780F424E0CF8900ED6184 /* Shared */,
			);
			path = Components;
			sourceTree = "<group>";
		};
		618780F424E0CF8900ED6184 /* Shared */ = {
			isa = PBXGroup;
			children = (
				6187810024E0F3C900ED6184 /* UILabel+Style.swift */,
				6187810224E0F49B00ED6184 /* UIButton+Style.swift */,
				618780F524E0CFAE00ED6184 /* UIColor+Style.swift */,
				618780F624E0CFAE00ED6184 /* Fonts.swift */,
				618780FB24E0CFB400ED6184 /* Image.swift */,
				618780F724E0CFAE00ED6184 /* Language.swift */,
			);
			path = Shared;
			sourceTree = "<group>";
		};
/* End PBXGroup section */

/* Begin PBXNativeTarget section */
		618780BC24E0CF5B00ED6184 /* Counters */ = {
			isa = PBXNativeTarget;
			buildConfigurationList = 618780EA24E0CF5D00ED6184 /* Build configuration list for PBXNativeTarget "Counters" */;
			buildPhases = (
				618780B924E0CF5B00ED6184 /* Sources */,
				618780BA24E0CF5B00ED6184 /* Frameworks */,
				618780BB24E0CF5B00ED6184 /* Resources */,
			);
			buildRules = (
			);
			dependencies = (
			);
			name = Counters;
			productName = Counters;
			productReference = 618780BD24E0CF5B00ED6184 /* Counters.app */;
			productType = "com.apple.product-type.application";
		};
		618780D524E0CF5D00ED6184 /* CountersTests */ = {
			isa = PBXNativeTarget;
			buildConfigurationList = 618780ED24E0CF5D00ED6184 /* Build configuration list for PBXNativeTarget "CountersTests" */;
			buildPhases = (
				618780D224E0CF5D00ED6184 /* Sources */,
				618780D324E0CF5D00ED6184 /* Frameworks */,
				618780D424E0CF5D00ED6184 /* Resources */,
			);
			buildRules = (
			);
			dependencies = (
				618780D824E0CF5D00ED6184 /* PBXTargetDependency */,
			);
			name = CountersTests;
			productName = CountersTests;
			productReference = 618780D624E0CF5D00ED6184 /* CountersTests.xctest */;
			productType = "com.apple.product-type.bundle.unit-test";
		};
		618780E024E0CF5D00ED6184 /* CountersUITests */ = {
			isa = PBXNativeTarget;
			buildConfigurationList = 618780F024E0CF5D00ED6184 /* Build configuration list for PBXNativeTarget "CountersUITests" */;
			buildPhases = (
				618780DD24E0CF5D00ED6184 /* Sources */,
				618780DE24E0CF5D00ED6184 /* Frameworks */,
				618780DF24E0CF5D00ED6184 /* Resources */,
			);
			buildRules = (
			);
			dependencies = (
				618780E324E0CF5D00ED6184 /* PBXTargetDependency */,
			);
			name = CountersUITests;
			productName = CountersUITests;
			productReference = 618780E124E0CF5D00ED6184 /* CountersUITests.xctest */;
			productType = "com.apple.product-type.bundle.ui-testing";
		};
/* End PBXNativeTarget section */

/* Begin PBXProject section */
		618780B524E0CF5B00ED6184 /* Project object */ = {
			isa = PBXProject;
			attributes = {
				LastSwiftUpdateCheck = 1200;
				LastUpgradeCheck = 1200;
				TargetAttributes = {
					618780BC24E0CF5B00ED6184 = {
						CreatedOnToolsVersion = 12.0;
					};
					618780D524E0CF5D00ED6184 = {
						CreatedOnToolsVersion = 12.0;
						TestTargetID = 618780BC24E0CF5B00ED6184;
					};
					618780E024E0CF5D00ED6184 = {
						CreatedOnToolsVersion = 12.0;
						TestTargetID = 618780BC24E0CF5B00ED6184;
					};
				};
			};
			buildConfigurationList = 618780B824E0CF5B00ED6184 /* Build configuration list for PBXProject "Counters" */;
			compatibilityVersion = "Xcode 9.3";
			developmentRegion = en;
			hasScannedForEncodings = 0;
			knownRegions = (
				en,
				Base,
			);
			mainGroup = 618780B424E0CF5B00ED6184;
			productRefGroup = 618780BE24E0CF5B00ED6184 /* Products */;
			projectDirPath = "";
			projectRoot = "";
			targets = (
				618780BC24E0CF5B00ED6184 /* Counters */,
				618780D524E0CF5D00ED6184 /* CountersTests */,
				618780E024E0CF5D00ED6184 /* CountersUITests */,
			);
		};
/* End PBXProject section */

/* Begin PBXResourcesBuildPhase section */
		618780BB24E0CF5B00ED6184 /* Resources */ = {
			isa = PBXResourcesBuildPhase;
			buildActionMask = 2147483647;
			files = (
				618780D024E0CF5D00ED6184 /* LaunchScreen.storyboard in Resources */,
				618780FE24E0D0B700ED6184 /* Localizable.strings in Resources */,
				618780CD24E0CF5D00ED6184 /* Assets.xcassets in Resources */,
				618780C824E0CF5C00ED6184 /* Main.storyboard in Resources */,
			);
			runOnlyForDeploymentPostprocessing = 0;
		};
		618780D424E0CF5D00ED6184 /* Resources */ = {
			isa = PBXResourcesBuildPhase;
			buildActionMask = 2147483647;
			files = (
			);
			runOnlyForDeploymentPostprocessing = 0;
		};
		618780DF24E0CF5D00ED6184 /* Resources */ = {
			isa = PBXResourcesBuildPhase;
			buildActionMask = 2147483647;
			files = (
			);
			runOnlyForDeploymentPostprocessing = 0;
		};
/* End PBXResourcesBuildPhase section */

/* Begin PBXSourcesBuildPhase section */
		618780B924E0CF5B00ED6184 /* Sources */ = {
			isa = PBXSourcesBuildPhase;
			buildActionMask = 2147483647;
			files = (
				618780CB24E0CF5C00ED6184 /* Counters.xcdatamodeld in Sources */,
				618780FC24E0CFB400ED6184 /* Image.swift in Sources */,
				618780F824E0CFAE00ED6184 /* UIColor+Style.swift in Sources */,
				6187810324E0F49B00ED6184 /* UIButton+Style.swift in Sources */,
				618780C524E0CF5C00ED6184 /* ViewController.swift in Sources */,
				618780FA24E0CFAE00ED6184 /* Language.swift in Sources */,
				6187810124E0F3C900ED6184 /* UILabel+Style.swift in Sources */,
				618780C124E0CF5C00ED6184 /* AppDelegate.swift in Sources */,
				618780F924E0CFAE00ED6184 /* Fonts.swift in Sources */,
				618780C324E0CF5C00ED6184 /* SceneDelegate.swift in Sources */,
			);
			runOnlyForDeploymentPostprocessing = 0;
		};
		618780D224E0CF5D00ED6184 /* Sources */ = {
			isa = PBXSourcesBuildPhase;
			buildActionMask = 2147483647;
			files = (
				618780DB24E0CF5D00ED6184 /* CountersTests.swift in Sources */,
			);
			runOnlyForDeploymentPostprocessing = 0;
		};
		618780DD24E0CF5D00ED6184 /* Sources */ = {
			isa = PBXSourcesBuildPhase;
			buildActionMask = 2147483647;
			files = (
				618780E624E0CF5D00ED6184 /* CountersUITests.swift in Sources */,
			);
			runOnlyForDeploymentPostprocessing = 0;
		};
/* End PBXSourcesBuildPhase section */

/* Begin PBXTargetDependency section */
		618780D824E0CF5D00ED6184 /* PBXTargetDependency */ = {
			isa = PBXTargetDependency;
			target = 618780BC24E0CF5B00ED6184 /* Counters */;
			targetProxy = 618780D724E0CF5D00ED6184 /* PBXContainerItemProxy */;
		};
		618780E324E0CF5D00ED6184 /* PBXTargetDependency */ = {
			isa = PBXTargetDependency;
			target = 618780BC24E0CF5B00ED6184 /* Counters */;
			targetProxy = 618780E224E0CF5D00ED6184 /* PBXContainerItemProxy */;
		};
/* End PBXTargetDependency section */

/* Begin PBXVariantGroup section */
		618780C624E0CF5C00ED6184 /* Main.storyboard */ = {
			isa = PBXVariantGroup;
			children = (
				618780C724E0CF5C00ED6184 /* Base */,
			);
			name = Main.storyboard;
			sourceTree = "<group>";
		};
		618780CE24E0CF5D00ED6184 /* LaunchScreen.storyboard */ = {
			isa = PBXVariantGroup;
			children = (
				618780CF24E0CF5D00ED6184 /* Base */,
			);
			name = LaunchScreen.storyboard;
			sourceTree = "<group>";
		};
/* End PBXVariantGroup section */

/* Begin XCBuildConfiguration section */
		618780E824E0CF5D00ED6184 /* Debug */ = {
			isa = XCBuildConfiguration;
			buildSettings = {
				ALWAYS_SEARCH_USER_PATHS = NO;
				CLANG_ANALYZER_NONNULL = YES;
				CLANG_ANALYZER_NUMBER_OBJECT_CONVERSION = YES_AGGRESSIVE;
				CLANG_CXX_LANGUAGE_STANDARD = "gnu++14";
				CLANG_CXX_LIBRARY = "libc++";
				CLANG_ENABLE_MODULES = YES;
				CLANG_ENABLE_OBJC_ARC = YES;
				CLANG_ENABLE_OBJC_WEAK = YES;
				CLANG_WARN_BLOCK_CAPTURE_AUTORELEASING = YES;
				CLANG_WARN_BOOL_CONVERSION = YES;
				CLANG_WARN_COMMA = YES;
				CLANG_WARN_CONSTANT_CONVERSION = YES;
				CLANG_WARN_DEPRECATED_OBJC_IMPLEMENTATIONS = YES;
				CLANG_WARN_DIRECT_OBJC_ISA_USAGE = YES_ERROR;
				CLANG_WARN_DOCUMENTATION_COMMENTS = YES;
				CLANG_WARN_EMPTY_BODY = YES;
				CLANG_WARN_ENUM_CONVERSION = YES;
				CLANG_WARN_INFINITE_RECURSION = YES;
				CLANG_WARN_INT_CONVERSION = YES;
				CLANG_WARN_NON_LITERAL_NULL_CONVERSION = YES;
				CLANG_WARN_OBJC_IMPLICIT_RETAIN_SELF = YES;
				CLANG_WARN_OBJC_LITERAL_CONVERSION = YES;
				CLANG_WARN_OBJC_ROOT_CLASS = YES_ERROR;
				CLANG_WARN_QUOTED_INCLUDE_IN_FRAMEWORK_HEADER = YES;
				CLANG_WARN_RANGE_LOOP_ANALYSIS = YES;
				CLANG_WARN_STRICT_PROTOTYPES = YES;
				CLANG_WARN_SUSPICIOUS_MOVE = YES;
				CLANG_WARN_UNGUARDED_AVAILABILITY = YES_AGGRESSIVE;
				CLANG_WARN_UNREACHABLE_CODE = YES;
				CLANG_WARN__DUPLICATE_METHOD_MATCH = YES;
				COPY_PHASE_STRIP = NO;
				DEBUG_INFORMATION_FORMAT = dwarf;
				ENABLE_STRICT_OBJC_MSGSEND = YES;
				ENABLE_TESTABILITY = YES;
				GCC_C_LANGUAGE_STANDARD = gnu11;
				GCC_DYNAMIC_NO_PIC = NO;
				GCC_NO_COMMON_BLOCKS = YES;
				GCC_OPTIMIZATION_LEVEL = 0;
				GCC_PREPROCESSOR_DEFINITIONS = (
					"DEBUG=1",
					"$(inherited)",
				);
				GCC_WARN_64_TO_32_BIT_CONVERSION = YES;
				GCC_WARN_ABOUT_RETURN_TYPE = YES_ERROR;
				GCC_WARN_UNDECLARED_SELECTOR = YES;
				GCC_WARN_UNINITIALIZED_AUTOS = YES_AGGRESSIVE;
				GCC_WARN_UNUSED_FUNCTION = YES;
				GCC_WARN_UNUSED_VARIABLE = YES;
				IPHONEOS_DEPLOYMENT_TARGET = 14.0;
				MTL_ENABLE_DEBUG_INFO = INCLUDE_SOURCE;
				MTL_FAST_MATH = YES;
				ONLY_ACTIVE_ARCH = YES;
				SDKROOT = iphoneos;
				SWIFT_ACTIVE_COMPILATION_CONDITIONS = DEBUG;
				SWIFT_OPTIMIZATION_LEVEL = "-Onone";
			};
			name = Debug;
		};
		618780E924E0CF5D00ED6184 /* Release */ = {
			isa = XCBuildConfiguration;
			buildSettings = {
				ALWAYS_SEARCH_USER_PATHS = NO;
				CLANG_ANALYZER_NONNULL = YES;
				CLANG_ANALYZER_NUMBER_OBJECT_CONVERSION = YES_AGGRESSIVE;
				CLANG_CXX_LANGUAGE_STANDARD = "gnu++14";
				CLANG_CXX_LIBRARY = "libc++";
				CLANG_ENABLE_MODULES = YES;
				CLANG_ENABLE_OBJC_ARC = YES;
				CLANG_ENABLE_OBJC_WEAK = YES;
				CLANG_WARN_BLOCK_CAPTURE_AUTORELEASING = YES;
				CLANG_WARN_BOOL_CONVERSION = YES;
				CLANG_WARN_COMMA = YES;
				CLANG_WARN_CONSTANT_CONVERSION = YES;
				CLANG_WARN_DEPRECATED_OBJC_IMPLEMENTATIONS = YES;
				CLANG_WARN_DIRECT_OBJC_ISA_USAGE = YES_ERROR;
				CLANG_WARN_DOCUMENTATION_COMMENTS = YES;
				CLANG_WARN_EMPTY_BODY = YES;
				CLANG_WARN_ENUM_CONVERSION = YES;
				CLANG_WARN_INFINITE_RECURSION = YES;
				CLANG_WARN_INT_CONVERSION = YES;
				CLANG_WARN_NON_LITERAL_NULL_CONVERSION = YES;
				CLANG_WARN_OBJC_IMPLICIT_RETAIN_SELF = YES;
				CLANG_WARN_OBJC_LITERAL_CONVERSION = YES;
				CLANG_WARN_OBJC_ROOT_CLASS = YES_ERROR;
				CLANG_WARN_QUOTED_INCLUDE_IN_FRAMEWORK_HEADER = YES;
				CLANG_WARN_RANGE_LOOP_ANALYSIS = YES;
				CLANG_WARN_STRICT_PROTOTYPES = YES;
				CLANG_WARN_SUSPICIOUS_MOVE = YES;
				CLANG_WARN_UNGUARDED_AVAILABILITY = YES_AGGRESSIVE;
				CLANG_WARN_UNREACHABLE_CODE = YES;
				CLANG_WARN__DUPLICATE_METHOD_MATCH = YES;
				COPY_PHASE_STRIP = NO;
				DEBUG_INFORMATION_FORMAT = "dwarf-with-dsym";
				ENABLE_NS_ASSERTIONS = NO;
				ENABLE_STRICT_OBJC_MSGSEND = YES;
				GCC_C_LANGUAGE_STANDARD = gnu11;
				GCC_NO_COMMON_BLOCKS = YES;
				GCC_WARN_64_TO_32_BIT_CONVERSION = YES;
				GCC_WARN_ABOUT_RETURN_TYPE = YES_ERROR;
				GCC_WARN_UNDECLARED_SELECTOR = YES;
				GCC_WARN_UNINITIALIZED_AUTOS = YES_AGGRESSIVE;
				GCC_WARN_UNUSED_FUNCTION = YES;
				GCC_WARN_UNUSED_VARIABLE = YES;
				IPHONEOS_DEPLOYMENT_TARGET = 14.0;
				MTL_ENABLE_DEBUG_INFO = NO;
				MTL_FAST_MATH = YES;
				SDKROOT = iphoneos;
				SWIFT_COMPILATION_MODE = wholemodule;
				SWIFT_OPTIMIZATION_LEVEL = "-O";
				VALIDATE_PRODUCT = YES;
			};
			name = Release;
		};
		618780EB24E0CF5D00ED6184 /* Debug */ = {
			isa = XCBuildConfiguration;
			buildSettings = {
				ASSETCATALOG_COMPILER_APPICON_NAME = AppIcon;
				ASSETCATALOG_COMPILER_GLOBAL_ACCENT_COLOR_NAME = AccentColor;
				CODE_SIGN_STYLE = Automatic;
				DEVELOPMENT_TEAM = K87XPR878Y;
				INFOPLIST_FILE = Counters/Info.plist;
				LD_RUNPATH_SEARCH_PATHS = (
					"$(inherited)",
					"@executable_path/Frameworks",
				);
				PRODUCT_BUNDLE_IDENTIFIER = bolivarbryan.Counters;
				PRODUCT_NAME = "$(TARGET_NAME)";
				SWIFT_VERSION = 5.0;
				TARGETED_DEVICE_FAMILY = "1,2";
			};
			name = Debug;
		};
		618780EC24E0CF5D00ED6184 /* Release */ = {
			isa = XCBuildConfiguration;
			buildSettings = {
				ASSETCATALOG_COMPILER_APPICON_NAME = AppIcon;
				ASSETCATALOG_COMPILER_GLOBAL_ACCENT_COLOR_NAME = AccentColor;
				CODE_SIGN_STYLE = Automatic;
				DEVELOPMENT_TEAM = K87XPR878Y;
				INFOPLIST_FILE = Counters/Info.plist;
				LD_RUNPATH_SEARCH_PATHS = (
					"$(inherited)",
					"@executable_path/Frameworks",
				);
				PRODUCT_BUNDLE_IDENTIFIER = bolivarbryan.Counters;
				PRODUCT_NAME = "$(TARGET_NAME)";
				SWIFT_VERSION = 5.0;
				TARGETED_DEVICE_FAMILY = "1,2";
			};
			name = Release;
		};
		618780EE24E0CF5D00ED6184 /* Debug */ = {
			isa = XCBuildConfiguration;
			buildSettings = {
				ALWAYS_EMBED_SWIFT_STANDARD_LIBRARIES = YES;
				BUNDLE_LOADER = "$(TEST_HOST)";
				CODE_SIGN_STYLE = Automatic;
				DEVELOPMENT_TEAM = K87XPR878Y;
				INFOPLIST_FILE = CountersTests/Info.plist;
				IPHONEOS_DEPLOYMENT_TARGET = 14.0;
				LD_RUNPATH_SEARCH_PATHS = (
					"$(inherited)",
					"@executable_path/Frameworks",
					"@loader_path/Frameworks",
				);
				PRODUCT_BUNDLE_IDENTIFIER = bolivarbryan.CountersTests;
				PRODUCT_NAME = "$(TARGET_NAME)";
				SWIFT_VERSION = 5.0;
				TARGETED_DEVICE_FAMILY = "1,2";
				TEST_HOST = "$(BUILT_PRODUCTS_DIR)/Counters.app/Counters";
			};
			name = Debug;
		};
		618780EF24E0CF5D00ED6184 /* Release */ = {
			isa = XCBuildConfiguration;
			buildSettings = {
				ALWAYS_EMBED_SWIFT_STANDARD_LIBRARIES = YES;
				BUNDLE_LOADER = "$(TEST_HOST)";
				CODE_SIGN_STYLE = Automatic;
				DEVELOPMENT_TEAM = K87XPR878Y;
				INFOPLIST_FILE = CountersTests/Info.plist;
				IPHONEOS_DEPLOYMENT_TARGET = 14.0;
				LD_RUNPATH_SEARCH_PATHS = (
					"$(inherited)",
					"@executable_path/Frameworks",
					"@loader_path/Frameworks",
				);
				PRODUCT_BUNDLE_IDENTIFIER = bolivarbryan.CountersTests;
				PRODUCT_NAME = "$(TARGET_NAME)";
				SWIFT_VERSION = 5.0;
				TARGETED_DEVICE_FAMILY = "1,2";
				TEST_HOST = "$(BUILT_PRODUCTS_DIR)/Counters.app/Counters";
			};
			name = Release;
		};
		618780F124E0CF5D00ED6184 /* Debug */ = {
			isa = XCBuildConfiguration;
			buildSettings = {
				ALWAYS_EMBED_SWIFT_STANDARD_LIBRARIES = YES;
				CODE_SIGN_STYLE = Automatic;
				DEVELOPMENT_TEAM = K87XPR878Y;
				INFOPLIST_FILE = CountersUITests/Info.plist;
				LD_RUNPATH_SEARCH_PATHS = (
					"$(inherited)",
					"@executable_path/Frameworks",
					"@loader_path/Frameworks",
				);
				PRODUCT_BUNDLE_IDENTIFIER = bolivarbryan.CountersUITests;
				PRODUCT_NAME = "$(TARGET_NAME)";
				SWIFT_VERSION = 5.0;
				TARGETED_DEVICE_FAMILY = "1,2";
				TEST_TARGET_NAME = Counters;
			};
			name = Debug;
		};
		618780F224E0CF5D00ED6184 /* Release */ = {
			isa = XCBuildConfiguration;
			buildSettings = {
				ALWAYS_EMBED_SWIFT_STANDARD_LIBRARIES = YES;
				CODE_SIGN_STYLE = Automatic;
				DEVELOPMENT_TEAM = K87XPR878Y;
				INFOPLIST_FILE = CountersUITests/Info.plist;
				LD_RUNPATH_SEARCH_PATHS = (
					"$(inherited)",
					"@executable_path/Frameworks",
					"@loader_path/Frameworks",
				);
				PRODUCT_BUNDLE_IDENTIFIER = bolivarbryan.CountersUITests;
				PRODUCT_NAME = "$(TARGET_NAME)";
				SWIFT_VERSION = 5.0;
				TARGETED_DEVICE_FAMILY = "1,2";
				TEST_TARGET_NAME = Counters;
			};
			name = Release;
		};
/* End XCBuildConfiguration section */

/* Begin XCConfigurationList section */
		618780B824E0CF5B00ED6184 /* Build configuration list for PBXProject "Counters" */ = {
			isa = XCConfigurationList;
			buildConfigurations = (
				618780E824E0CF5D00ED6184 /* Debug */,
				618780E924E0CF5D00ED6184 /* Release */,
			);
			defaultConfigurationIsVisible = 0;
			defaultConfigurationName = Release;
		};
		618780EA24E0CF5D00ED6184 /* Build configuration list for PBXNativeTarget "Counters" */ = {
			isa = XCConfigurationList;
			buildConfigurations = (
				618780EB24E0CF5D00ED6184 /* Debug */,
				618780EC24E0CF5D00ED6184 /* Release */,
			);
			defaultConfigurationIsVisible = 0;
			defaultConfigurationName = Release;
		};
		618780ED24E0CF5D00ED6184 /* Build configuration list for PBXNativeTarget "CountersTests" */ = {
			isa = XCConfigurationList;
			buildConfigurations = (
				618780EE24E0CF5D00ED6184 /* Debug */,
				618780EF24E0CF5D00ED6184 /* Release */,
			);
			defaultConfigurationIsVisible = 0;
			defaultConfigurationName = Release;
		};
		618780F024E0CF5D00ED6184 /* Build configuration list for PBXNativeTarget "CountersUITests" */ = {
			isa = XCConfigurationList;
			buildConfigurations = (
				618780F124E0CF5D00ED6184 /* Debug */,
				618780F224E0CF5D00ED6184 /* Release */,
			);
			defaultConfigurationIsVisible = 0;
			defaultConfigurationName = Release;
		};
/* End XCConfigurationList section */

/* Begin XCVersionGroup section */
		618780C924E0CF5C00ED6184 /* Counters.xcdatamodeld */ = {
			isa = XCVersionGroup;
			children = (
				618780CA24E0CF5C00ED6184 /* Counters.xcdatamodel */,
			);
			currentVersion = 618780CA24E0CF5C00ED6184 /* Counters.xcdatamodel */;
			path = Counters.xcdatamodeld;
			sourceTree = "<group>";
			versionGroupType = wrapper.xcdatamodel;
		};
/* End XCVersionGroup section */
	};
	rootObject = 618780B524E0CF5B00ED6184 /* Project object */;
}
