// !$*UTF8*$!
{
	archiveVersion = 1;
	classes = {
	};
	objectVersion = 50;
	objects = {

/* Begin PBXBuildFile section */
		61204D1324E13C45004B4FA4 /* Counter.swift in Sources */ = {isa = PBXBuildFile; fileRef = 61204D1224E13C45004B4FA4 /* Counter.swift */; };
		61204D1724E13F4D004B4FA4 /* EmptyStateView.xib in Resources */ = {isa = PBXBuildFile; fileRef = 61204D1524E13F4D004B4FA4 /* EmptyStateView.xib */; };
		61204D1B24E141CD004B4FA4 /* EmptyStateViewController.swift in Sources */ = {isa = PBXBuildFile; fileRef = 61204D1A24E141CD004B4FA4 /* EmptyStateViewController.swift */; };
		61204D1E24E1515C004B4FA4 /* CounterToolBar.swift in Sources */ = {isa = PBXBuildFile; fileRef = 61204D1D24E1515C004B4FA4 /* CounterToolBar.swift */; };
		6162D09824E0FC7500E49B45 /* AppDelegateTests.swift in Sources */ = {isa = PBXBuildFile; fileRef = 6162D09724E0FC7500E49B45 /* AppDelegateTests.swift */; };
		6162D0CA24E0FE5600E49B45 /* Components.framework in Frameworks */ = {isa = PBXBuildFile; fileRef = 6162D0C124E0FE5500E49B45 /* Components.framework */; };
		6162D0D124E0FE5600E49B45 /* ComponentsTests.swift in Sources */ = {isa = PBXBuildFile; fileRef = 6162D0D024E0FE5600E49B45 /* ComponentsTests.swift */; };
		6162D0D324E0FE5600E49B45 /* Components.h in Headers */ = {isa = PBXBuildFile; fileRef = 6162D0C324E0FE5500E49B45 /* Components.h */; settings = {ATTRIBUTES = (Public, ); }; };
		6162D0D624E0FE5600E49B45 /* Components.framework in Frameworks */ = {isa = PBXBuildFile; fileRef = 6162D0C124E0FE5500E49B45 /* Components.framework */; };
		6162D0D724E0FE5600E49B45 /* Components.framework in Embed Frameworks */ = {isa = PBXBuildFile; fileRef = 6162D0C124E0FE5500E49B45 /* Components.framework */; settings = {ATTRIBUTES = (CodeSignOnCopy, RemoveHeadersOnCopy, ); }; };
		6162D0E524E0FE6600E49B45 /* Language.swift in Sources */ = {isa = PBXBuildFile; fileRef = 6162D0DF24E0FE6600E49B45 /* Language.swift */; };
		6162D0E624E0FE6600E49B45 /* UIColor+Style.swift in Sources */ = {isa = PBXBuildFile; fileRef = 6162D0E024E0FE6600E49B45 /* UIColor+Style.swift */; };
		6162D0E724E0FE6600E49B45 /* UIButton+Style.swift in Sources */ = {isa = PBXBuildFile; fileRef = 6162D0E124E0FE6600E49B45 /* UIButton+Style.swift */; };
		6162D0E824E0FE6600E49B45 /* Image.swift in Sources */ = {isa = PBXBuildFile; fileRef = 6162D0E224E0FE6600E49B45 /* Image.swift */; };
		6162D0E924E0FE6600E49B45 /* Fonts.swift in Sources */ = {isa = PBXBuildFile; fileRef = 6162D0E324E0FE6600E49B45 /* Fonts.swift */; };
		6162D0EA24E0FE6600E49B45 /* UILabel+Style.swift in Sources */ = {isa = PBXBuildFile; fileRef = 6162D0E424E0FE6600E49B45 /* UILabel+Style.swift */; };
		6162D0EC24E0FFF700E49B45 /* RoundedSquareView.swift in Sources */ = {isa = PBXBuildFile; fileRef = 6162D0EB24E0FFF700E49B45 /* RoundedSquareView.swift */; };
		6162D0F124E103AE00E49B45 /* WelcomeTableViewCell.swift in Sources */ = {isa = PBXBuildFile; fileRef = 6162D0F024E103AE00E49B45 /* WelcomeTableViewCell.swift */; };
		6162D0F924E11DDA00E49B45 /* SF-Pro-Display-Semibold.otf in Resources */ = {isa = PBXBuildFile; fileRef = 6162D0F424E11DD900E49B45 /* SF-Pro-Display-Semibold.otf */; };
		6162D0FA24E11DDA00E49B45 /* SF-Pro-Display-Medium.otf in Resources */ = {isa = PBXBuildFile; fileRef = 6162D0F524E11DD900E49B45 /* SF-Pro-Display-Medium.otf */; };
		6162D0FB24E11DDA00E49B45 /* SF-Pro-Display-Regular.otf in Resources */ = {isa = PBXBuildFile; fileRef = 6162D0F624E11DD900E49B45 /* SF-Pro-Display-Regular.otf */; };
		6162D0FC24E11DDA00E49B45 /* SF-Pro-Display-Bold.otf in Resources */ = {isa = PBXBuildFile; fileRef = 6162D0F724E11DD900E49B45 /* SF-Pro-Display-Bold.otf */; };
		6162D0FD24E11DDA00E49B45 /* SF-Pro-Display-Heavy.otf in Resources */ = {isa = PBXBuildFile; fileRef = 6162D0F824E11DDA00E49B45 /* SF-Pro-Display-Heavy.otf */; };
		6162D10024E11EA500E49B45 /* SF-Pro-Display-Semibold.otf in Resources */ = {isa = PBXBuildFile; fileRef = 6162D0F424E11DD900E49B45 /* SF-Pro-Display-Semibold.otf */; };
		6162D10124E11EA500E49B45 /* SF-Pro-Display-Heavy.otf in Resources */ = {isa = PBXBuildFile; fileRef = 6162D0F824E11DDA00E49B45 /* SF-Pro-Display-Heavy.otf */; };
		6162D10224E11EA500E49B45 /* SF-Pro-Display-Regular.otf in Resources */ = {isa = PBXBuildFile; fileRef = 6162D0F624E11DD900E49B45 /* SF-Pro-Display-Regular.otf */; };
		6162D10324E11EA500E49B45 /* SF-Pro-Display-Medium.otf in Resources */ = {isa = PBXBuildFile; fileRef = 6162D0F524E11DD900E49B45 /* SF-Pro-Display-Medium.otf */; };
		6162D10424E11EA500E49B45 /* SF-Pro-Display-Bold.otf in Resources */ = {isa = PBXBuildFile; fileRef = 6162D0F724E11DD900E49B45 /* SF-Pro-Display-Bold.otf */; };
		6162D10724E1306400E49B45 /* WelcomeGuideInfo.swift in Sources */ = {isa = PBXBuildFile; fileRef = 6162D10624E1306400E49B45 /* WelcomeGuideInfo.swift */; };
		6165218C24E727FC00818B55 /* HomeViewController+Extensions.swift in Sources */ = {isa = PBXBuildFile; fileRef = 6165218B24E727FC00818B55 /* HomeViewController+Extensions.swift */; };
		618780C124E0CF5C00ED6184 /* AppDelegate.swift in Sources */ = {isa = PBXBuildFile; fileRef = 618780C024E0CF5C00ED6184 /* AppDelegate.swift */; };
		618780C324E0CF5C00ED6184 /* SceneDelegate.swift in Sources */ = {isa = PBXBuildFile; fileRef = 618780C224E0CF5C00ED6184 /* SceneDelegate.swift */; };
		618780C524E0CF5C00ED6184 /* WelcomeViewController.swift in Sources */ = {isa = PBXBuildFile; fileRef = 618780C424E0CF5C00ED6184 /* WelcomeViewController.swift */; };
		618780C824E0CF5C00ED6184 /* Main.storyboard in Resources */ = {isa = PBXBuildFile; fileRef = 618780C624E0CF5C00ED6184 /* Main.storyboard */; };
		618780CB24E0CF5C00ED6184 /* Counters.xcdatamodeld in Sources */ = {isa = PBXBuildFile; fileRef = 618780C924E0CF5C00ED6184 /* Counters.xcdatamodeld */; };
		618780CD24E0CF5D00ED6184 /* Assets.xcassets in Resources */ = {isa = PBXBuildFile; fileRef = 618780CC24E0CF5D00ED6184 /* Assets.xcassets */; };
		618780D024E0CF5D00ED6184 /* LaunchScreen.storyboard in Resources */ = {isa = PBXBuildFile; fileRef = 618780CE24E0CF5D00ED6184 /* LaunchScreen.storyboard */; };
		618780DB24E0CF5D00ED6184 /* CountersTests.swift in Sources */ = {isa = PBXBuildFile; fileRef = 618780DA24E0CF5D00ED6184 /* CountersTests.swift */; };
		618780E624E0CF5D00ED6184 /* CountersUITests.swift in Sources */ = {isa = PBXBuildFile; fileRef = 618780E524E0CF5D00ED6184 /* CountersUITests.swift */; };
		618780FE24E0D0B700ED6184 /* Localizable.strings in Resources */ = {isa = PBXBuildFile; fileRef = 618780FD24E0D0B700ED6184 /* Localizable.strings */; };
		61A12D9624E699380037DCA4 /* AddCounterViewController.swift in Sources */ = {isa = PBXBuildFile; fileRef = 61A12D9524E699380037DCA4 /* AddCounterViewController.swift */; };
		61A12D9824E699440037DCA4 /* AddCounter.storyboard in Resources */ = {isa = PBXBuildFile; fileRef = 61A12D9724E699440037DCA4 /* AddCounter.storyboard */; };
		61A12D9A24E6A0870037DCA4 /* AddCounterViewModel.swift in Sources */ = {isa = PBXBuildFile; fileRef = 61A12D9924E6A0870037DCA4 /* AddCounterViewModel.swift */; };
		61A12D9D24E6A7DC0037DCA4 /* ExampleViewController.swift in Sources */ = {isa = PBXBuildFile; fileRef = 61A12D9C24E6A7DC0037DCA4 /* ExampleViewController.swift */; };
		61A12D9F24E6A8070037DCA4 /* ExampleViewModel.swift in Sources */ = {isa = PBXBuildFile; fileRef = 61A12D9E24E6A8070037DCA4 /* ExampleViewModel.swift */; };
		61A12DA124E6A9900037DCA4 /* Examples.storyboard in Resources */ = {isa = PBXBuildFile; fileRef = 61A12DA024E6A9900037DCA4 /* Examples.storyboard */; };
		61A12DA424E6AB290037DCA4 /* ExampleTableViewCell.swift in Sources */ = {isa = PBXBuildFile; fileRef = 61A12DA324E6AB290037DCA4 /* ExampleTableViewCell.swift */; };
		61A12DA624E6AB380037DCA4 /* ExampleCollectionViewCell.swift in Sources */ = {isa = PBXBuildFile; fileRef = 61A12DA524E6AB380037DCA4 /* ExampleCollectionViewCell.swift */; };
		61A12DAD24E6C49E0037DCA4 /* CounterAPI.swift in Sources */ = {isa = PBXBuildFile; fileRef = 61A12DAC24E6C49E0037DCA4 /* CounterAPI.swift */; };
		61B874F224E1332400AB845A /* Home.storyboard in Resources */ = {isa = PBXBuildFile; fileRef = 61B874F124E1332400AB845A /* Home.storyboard */; };
		61B874F424E1378800AB845A /* HomeViewController.swift in Sources */ = {isa = PBXBuildFile; fileRef = 61B874F324E1378800AB845A /* HomeViewController.swift */; };
		61E6C54324E4E35D00E4CC69 /* CounterTableViewCell.swift in Sources */ = {isa = PBXBuildFile; fileRef = 61E6C54224E4E35D00E4CC69 /* CounterTableViewCell.swift */; };
		61E6C54524E5F7C000E4CC69 /* HomeViewModel.swift in Sources */ = {isa = PBXBuildFile; fileRef = 61E6C54424E5F7C000E4CC69 /* HomeViewModel.swift */; };
/* End PBXBuildFile section */

/* Begin PBXContainerItemProxy section */
		6162D0CB24E0FE5600E49B45 /* PBXContainerItemProxy */ = {
			isa = PBXContainerItemProxy;
			containerPortal = 618780B524E0CF5B00ED6184 /* Project object */;
			proxyType = 1;
			remoteGlobalIDString = 6162D0C024E0FE5500E49B45;
			remoteInfo = Components;
		};
		6162D0CD24E0FE5600E49B45 /* PBXContainerItemProxy */ = {
			isa = PBXContainerItemProxy;
			containerPortal = 618780B524E0CF5B00ED6184 /* Project object */;
			proxyType = 1;
			remoteGlobalIDString = 618780BC24E0CF5B00ED6184;
			remoteInfo = Counters;
		};
		6162D0D424E0FE5600E49B45 /* PBXContainerItemProxy */ = {
			isa = PBXContainerItemProxy;
			containerPortal = 618780B524E0CF5B00ED6184 /* Project object */;
			proxyType = 1;
			remoteGlobalIDString = 6162D0C024E0FE5500E49B45;
			remoteInfo = Components;
		};
		618780D724E0CF5D00ED6184 /* PBXContainerItemProxy */ = {
			isa = PBXContainerItemProxy;
			containerPortal = 618780B524E0CF5B00ED6184 /* Project object */;
			proxyType = 1;
			remoteGlobalIDString = 618780BC24E0CF5B00ED6184;
			remoteInfo = Counters;
		};
		618780E224E0CF5D00ED6184 /* PBXContainerItemProxy */ = {
			isa = PBXContainerItemProxy;
			containerPortal = 618780B524E0CF5B00ED6184 /* Project object */;
			proxyType = 1;
			remoteGlobalIDString = 618780BC24E0CF5B00ED6184;
			remoteInfo = Counters;
		};
/* End PBXContainerItemProxy section */

/* Begin PBXCopyFilesBuildPhase section */
		6162D0B824E0FDEE00E49B45 /* Embed Frameworks */ = {
			isa = PBXCopyFilesBuildPhase;
			buildActionMask = 2147483647;
			dstPath = "";
			dstSubfolderSpec = 10;
			files = (
				6162D0D724E0FE5600E49B45 /* Components.framework in Embed Frameworks */,
			);
			name = "Embed Frameworks";
			runOnlyForDeploymentPostprocessing = 0;
		};
/* End PBXCopyFilesBuildPhase section */

/* Begin PBXFileReference section */
		61204D1224E13C45004B4FA4 /* Counter.swift */ = {isa = PBXFileReference; lastKnownFileType = sourcecode.swift; path = Counter.swift; sourceTree = "<group>"; };
		61204D1524E13F4D004B4FA4 /* EmptyStateView.xib */ = {isa = PBXFileReference; lastKnownFileType = file.xib; path = EmptyStateView.xib; sourceTree = "<group>"; };
		61204D1A24E141CD004B4FA4 /* EmptyStateViewController.swift */ = {isa = PBXFileReference; lastKnownFileType = sourcecode.swift; name = EmptyStateViewController.swift; path = Counters/App/Features/Components/EmptyState/EmptyStateViewController.swift; sourceTree = SOURCE_ROOT; };
		61204D1D24E1515C004B4FA4 /* CounterToolBar.swift */ = {isa = PBXFileReference; lastKnownFileType = sourcecode.swift; path = CounterToolBar.swift; sourceTree = "<group>"; };
		6162D09724E0FC7500E49B45 /* AppDelegateTests.swift */ = {isa = PBXFileReference; lastKnownFileType = sourcecode.swift; path = AppDelegateTests.swift; sourceTree = "<group>"; };
		6162D0C124E0FE5500E49B45 /* Components.framework */ = {isa = PBXFileReference; explicitFileType = wrapper.framework; includeInIndex = 0; path = Components.framework; sourceTree = BUILT_PRODUCTS_DIR; };
		6162D0C324E0FE5500E49B45 /* Components.h */ = {isa = PBXFileReference; lastKnownFileType = sourcecode.c.h; path = Components.h; sourceTree = "<group>"; };
		6162D0C424E0FE5500E49B45 /* Info.plist */ = {isa = PBXFileReference; lastKnownFileType = text.plist.xml; path = Info.plist; sourceTree = "<group>"; };
		6162D0C924E0FE5600E49B45 /* ComponentsTests.xctest */ = {isa = PBXFileReference; explicitFileType = wrapper.cfbundle; includeInIndex = 0; path = ComponentsTests.xctest; sourceTree = BUILT_PRODUCTS_DIR; };
		6162D0D024E0FE5600E49B45 /* ComponentsTests.swift */ = {isa = PBXFileReference; lastKnownFileType = sourcecode.swift; path = ComponentsTests.swift; sourceTree = "<group>"; };
		6162D0D224E0FE5600E49B45 /* Info.plist */ = {isa = PBXFileReference; lastKnownFileType = text.plist.xml; path = Info.plist; sourceTree = "<group>"; };
		6162D0DF24E0FE6600E49B45 /* Language.swift */ = {isa = PBXFileReference; fileEncoding = 4; lastKnownFileType = sourcecode.swift; path = Language.swift; sourceTree = "<group>"; };
		6162D0E024E0FE6600E49B45 /* UIColor+Style.swift */ = {isa = PBXFileReference; fileEncoding = 4; lastKnownFileType = sourcecode.swift; path = "UIColor+Style.swift"; sourceTree = "<group>"; };
		6162D0E124E0FE6600E49B45 /* UIButton+Style.swift */ = {isa = PBXFileReference; fileEncoding = 4; lastKnownFileType = sourcecode.swift; path = "UIButton+Style.swift"; sourceTree = "<group>"; };
		6162D0E224E0FE6600E49B45 /* Image.swift */ = {isa = PBXFileReference; fileEncoding = 4; lastKnownFileType = sourcecode.swift; path = Image.swift; sourceTree = "<group>"; };
		6162D0E324E0FE6600E49B45 /* Fonts.swift */ = {isa = PBXFileReference; fileEncoding = 4; lastKnownFileType = sourcecode.swift; path = Fonts.swift; sourceTree = "<group>"; };
		6162D0E424E0FE6600E49B45 /* UILabel+Style.swift */ = {isa = PBXFileReference; fileEncoding = 4; lastKnownFileType = sourcecode.swift; path = "UILabel+Style.swift"; sourceTree = "<group>"; };
		6162D0EB24E0FFF700E49B45 /* RoundedSquareView.swift */ = {isa = PBXFileReference; lastKnownFileType = sourcecode.swift; path = RoundedSquareView.swift; sourceTree = "<group>"; };
		6162D0F024E103AE00E49B45 /* WelcomeTableViewCell.swift */ = {isa = PBXFileReference; lastKnownFileType = sourcecode.swift; path = WelcomeTableViewCell.swift; sourceTree = "<group>"; };
		6162D0F424E11DD900E49B45 /* SF-Pro-Display-Semibold.otf */ = {isa = PBXFileReference; lastKnownFileType = file; path = "SF-Pro-Display-Semibold.otf"; sourceTree = "<group>"; };
		6162D0F524E11DD900E49B45 /* SF-Pro-Display-Medium.otf */ = {isa = PBXFileReference; lastKnownFileType = file; path = "SF-Pro-Display-Medium.otf"; sourceTree = "<group>"; };
		6162D0F624E11DD900E49B45 /* SF-Pro-Display-Regular.otf */ = {isa = PBXFileReference; lastKnownFileType = file; path = "SF-Pro-Display-Regular.otf"; sourceTree = "<group>"; };
		6162D0F724E11DD900E49B45 /* SF-Pro-Display-Bold.otf */ = {isa = PBXFileReference; lastKnownFileType = file; path = "SF-Pro-Display-Bold.otf"; sourceTree = "<group>"; };
		6162D0F824E11DDA00E49B45 /* SF-Pro-Display-Heavy.otf */ = {isa = PBXFileReference; lastKnownFileType = file; path = "SF-Pro-Display-Heavy.otf"; sourceTree = "<group>"; };
		6162D10624E1306400E49B45 /* WelcomeGuideInfo.swift */ = {isa = PBXFileReference; lastKnownFileType = sourcecode.swift; path = WelcomeGuideInfo.swift; sourceTree = "<group>"; };
		6165218B24E727FC00818B55 /* HomeViewController+Extensions.swift */ = {isa = PBXFileReference; lastKnownFileType = sourcecode.swift; path = "HomeViewController+Extensions.swift"; sourceTree = "<group>"; };
		618780BD24E0CF5B00ED6184 /* Counters.app */ = {isa = PBXFileReference; explicitFileType = wrapper.application; includeInIndex = 0; path = Counters.app; sourceTree = BUILT_PRODUCTS_DIR; };
		618780C024E0CF5C00ED6184 /* AppDelegate.swift */ = {isa = PBXFileReference; lastKnownFileType = sourcecode.swift; path = AppDelegate.swift; sourceTree = "<group>"; };
		618780C224E0CF5C00ED6184 /* SceneDelegate.swift */ = {isa = PBXFileReference; lastKnownFileType = sourcecode.swift; path = SceneDelegate.swift; sourceTree = "<group>"; };
		618780C424E0CF5C00ED6184 /* WelcomeViewController.swift */ = {isa = PBXFileReference; lastKnownFileType = sourcecode.swift; path = WelcomeViewController.swift; sourceTree = "<group>"; };
		618780C724E0CF5C00ED6184 /* Base */ = {isa = PBXFileReference; lastKnownFileType = file.storyboard; name = Base; path = Base.lproj/Main.storyboard; sourceTree = "<group>"; };
		618780CA24E0CF5C00ED6184 /* Counters.xcdatamodel */ = {isa = PBXFileReference; lastKnownFileType = wrapper.xcdatamodel; path = Counters.xcdatamodel; sourceTree = "<group>"; };
		618780CC24E0CF5D00ED6184 /* Assets.xcassets */ = {isa = PBXFileReference; lastKnownFileType = folder.assetcatalog; path = Assets.xcassets; sourceTree = "<group>"; };
		618780CF24E0CF5D00ED6184 /* Base */ = {isa = PBXFileReference; lastKnownFileType = file.storyboard; name = Base; path = Base.lproj/LaunchScreen.storyboard; sourceTree = "<group>"; };
		618780D124E0CF5D00ED6184 /* Info.plist */ = {isa = PBXFileReference; lastKnownFileType = text.plist.xml; path = Info.plist; sourceTree = "<group>"; };
		618780D624E0CF5D00ED6184 /* CountersTests.xctest */ = {isa = PBXFileReference; explicitFileType = wrapper.cfbundle; includeInIndex = 0; path = CountersTests.xctest; sourceTree = BUILT_PRODUCTS_DIR; };
		618780DA24E0CF5D00ED6184 /* CountersTests.swift */ = {isa = PBXFileReference; lastKnownFileType = sourcecode.swift; path = CountersTests.swift; sourceTree = "<group>"; };
		618780DC24E0CF5D00ED6184 /* Info.plist */ = {isa = PBXFileReference; lastKnownFileType = text.plist.xml; path = Info.plist; sourceTree = "<group>"; };
		618780E124E0CF5D00ED6184 /* CountersUITests.xctest */ = {isa = PBXFileReference; explicitFileType = wrapper.cfbundle; includeInIndex = 0; path = CountersUITests.xctest; sourceTree = BUILT_PRODUCTS_DIR; };
		618780E524E0CF5D00ED6184 /* CountersUITests.swift */ = {isa = PBXFileReference; lastKnownFileType = sourcecode.swift; path = CountersUITests.swift; sourceTree = "<group>"; };
		618780E724E0CF5D00ED6184 /* Info.plist */ = {isa = PBXFileReference; lastKnownFileType = text.plist.xml; path = Info.plist; sourceTree = "<group>"; };
		618780FD24E0D0B700ED6184 /* Localizable.strings */ = {isa = PBXFileReference; lastKnownFileType = text.plist.strings; path = Localizable.strings; sourceTree = "<group>"; };
		61A12D9524E699380037DCA4 /* AddCounterViewController.swift */ = {isa = PBXFileReference; lastKnownFileType = sourcecode.swift; path = AddCounterViewController.swift; sourceTree = "<group>"; };
		61A12D9724E699440037DCA4 /* AddCounter.storyboard */ = {isa = PBXFileReference; lastKnownFileType = file.storyboard; path = AddCounter.storyboard; sourceTree = "<group>"; };
		61A12D9924E6A0870037DCA4 /* AddCounterViewModel.swift */ = {isa = PBXFileReference; lastKnownFileType = sourcecode.swift; path = AddCounterViewModel.swift; sourceTree = "<group>"; };
		61A12D9C24E6A7DC0037DCA4 /* ExampleViewController.swift */ = {isa = PBXFileReference; lastKnownFileType = sourcecode.swift; path = ExampleViewController.swift; sourceTree = "<group>"; };
		61A12D9E24E6A8070037DCA4 /* ExampleViewModel.swift */ = {isa = PBXFileReference; lastKnownFileType = sourcecode.swift; path = ExampleViewModel.swift; sourceTree = "<group>"; };
		61A12DA024E6A9900037DCA4 /* Examples.storyboard */ = {isa = PBXFileReference; lastKnownFileType = file.storyboard; path = Examples.storyboard; sourceTree = "<group>"; };
		61A12DA324E6AB290037DCA4 /* ExampleTableViewCell.swift */ = {isa = PBXFileReference; lastKnownFileType = sourcecode.swift; path = ExampleTableViewCell.swift; sourceTree = "<group>"; };
		61A12DA524E6AB380037DCA4 /* ExampleCollectionViewCell.swift */ = {isa = PBXFileReference; lastKnownFileType = sourcecode.swift; path = ExampleCollectionViewCell.swift; sourceTree = "<group>"; };
		61A12DAC24E6C49E0037DCA4 /* CounterAPI.swift */ = {isa = PBXFileReference; lastKnownFileType = sourcecode.swift; path = CounterAPI.swift; sourceTree = "<group>"; };
		61B874F124E1332400AB845A /* Home.storyboard */ = {isa = PBXFileReference; lastKnownFileType = file.storyboard; path = Home.storyboard; sourceTree = "<group>"; };
		61B874F324E1378800AB845A /* HomeViewController.swift */ = {isa = PBXFileReference; lastKnownFileType = sourcecode.swift; path = HomeViewController.swift; sourceTree = "<group>"; };
		61E6C54224E4E35D00E4CC69 /* CounterTableViewCell.swift */ = {isa = PBXFileReference; lastKnownFileType = sourcecode.swift; path = CounterTableViewCell.swift; sourceTree = "<group>"; };
		61E6C54424E5F7C000E4CC69 /* HomeViewModel.swift */ = {isa = PBXFileReference; lastKnownFileType = sourcecode.swift; path = HomeViewModel.swift; sourceTree = "<group>"; };
/* End PBXFileReference section */

/* Begin PBXFrameworksBuildPhase section */
		6162D0BE24E0FE5500E49B45 /* Frameworks */ = {
			isa = PBXFrameworksBuildPhase;
			buildActionMask = 2147483647;
			files = (
			);
			runOnlyForDeploymentPostprocessing = 0;
		};
		6162D0C624E0FE5600E49B45 /* Frameworks */ = {
			isa = PBXFrameworksBuildPhase;
			buildActionMask = 2147483647;
			files = (
				6162D0CA24E0FE5600E49B45 /* Components.framework in Frameworks */,
			);
			runOnlyForDeploymentPostprocessing = 0;
		};
		618780BA24E0CF5B00ED6184 /* Frameworks */ = {
			isa = PBXFrameworksBuildPhase;
			buildActionMask = 2147483647;
			files = (
				6162D0D624E0FE5600E49B45 /* Components.framework in Frameworks */,
			);
			runOnlyForDeploymentPostprocessing = 0;
		};
		618780D324E0CF5D00ED6184 /* Frameworks */ = {
			isa = PBXFrameworksBuildPhase;
			buildActionMask = 2147483647;
			files = (
			);
			runOnlyForDeploymentPostprocessing = 0;
		};
		618780DE24E0CF5D00ED6184 /* Frameworks */ = {
			isa = PBXFrameworksBuildPhase;
			buildActionMask = 2147483647;
			files = (
			);
			runOnlyForDeploymentPostprocessing = 0;
		};
/* End PBXFrameworksBuildPhase section */

/* Begin PBXGroup section */
		61204D1C24E15145004B4FA4 /* Components */ = {
			isa = PBXGroup;
			children = (
				61204D1F24E15186004B4FA4 /* EmptyState */,
			);
			path = Components;
			sourceTree = "<group>";
		};
		61204D1F24E15186004B4FA4 /* EmptyState */ = {
			isa = PBXGroup;
			children = (
				61204D1524E13F4D004B4FA4 /* EmptyStateView.xib */,
				61204D1A24E141CD004B4FA4 /* EmptyStateViewController.swift */,
			);
			path = EmptyState;
			sourceTree = "<group>";
		};
		6162D0C224E0FE5500E49B45 /* Components */ = {
			isa = PBXGroup;
			children = (
				6162D0FE24E11DDD00E49B45 /* Assets */,
				6162D0DE24E0FE6600E49B45 /* Shared */,
				6162D0C324E0FE5500E49B45 /* Components.h */,
				6162D0C424E0FE5500E49B45 /* Info.plist */,
			);
			path = Components;
			sourceTree = "<group>";
		};
		6162D0CF24E0FE5600E49B45 /* ComponentsTests */ = {
			isa = PBXGroup;
			children = (
				6162D0D024E0FE5600E49B45 /* ComponentsTests.swift */,
				6162D0D224E0FE5600E49B45 /* Info.plist */,
			);
			path = ComponentsTests;
			sourceTree = "<group>";
		};
		6162D0DE24E0FE6600E49B45 /* Shared */ = {
			isa = PBXGroup;
			children = (
				6162D0E324E0FE6600E49B45 /* Fonts.swift */,
				6162D0E224E0FE6600E49B45 /* Image.swift */,
				6162D0DF24E0FE6600E49B45 /* Language.swift */,
				6162D0E124E0FE6600E49B45 /* UIButton+Style.swift */,
				6162D0E024E0FE6600E49B45 /* UIColor+Style.swift */,
				6162D0E424E0FE6600E49B45 /* UILabel+Style.swift */,
				6162D0EB24E0FFF700E49B45 /* RoundedSquareView.swift */,
			);
			path = Shared;
			sourceTree = "<group>";
		};
		6162D0ED24E1038300E49B45 /* App */ = {
			isa = PBXGroup;
			children = (
				61A12DA924E6C4250037DCA4 /* API */,
				6162D10524E1305700E49B45 /* Models */,
				6162D0EE24E1039300E49B45 /* Features */,
			);
			path = App;
			sourceTree = "<group>";
		};
		6162D0EE24E1039300E49B45 /* Features */ = {
			isa = PBXGroup;
			children = (
				61204D1C24E15145004B4FA4 /* Components */,
				61A12D9B24E6A7C60037DCA4 /* ExampleCounter */,
				61A12D9424E699230037DCA4 /* AddCounter */,
				61B874F024E1330D00AB845A /* Home */,
				6162D0EF24E1039900E49B45 /* Welcome */,
			);
			path = Features;
			sourceTree = "<group>";
		};
		6162D0EF24E1039900E49B45 /* Welcome */ = {
			isa = PBXGroup;
			children = (
				618780C624E0CF5C00ED6184 /* Main.storyboard */,
				618780C424E0CF5C00ED6184 /* WelcomeViewController.swift */,
				6162D0F024E103AE00E49B45 /* WelcomeTableViewCell.swift */,
			);
			path = Welcome;
			sourceTree = "<group>";
		};
		6162D0FE24E11DDD00E49B45 /* Assets */ = {
			isa = PBXGroup;
			children = (
				6162D0FF24E11DE700E49B45 /* Fonts */,
			);
			path = Assets;
			sourceTree = "<group>";
		};
		6162D0FF24E11DE700E49B45 /* Fonts */ = {
			isa = PBXGroup;
			children = (
				6162D0F724E11DD900E49B45 /* SF-Pro-Display-Bold.otf */,
				6162D0F824E11DDA00E49B45 /* SF-Pro-Display-Heavy.otf */,
				6162D0F524E11DD900E49B45 /* SF-Pro-Display-Medium.otf */,
				6162D0F624E11DD900E49B45 /* SF-Pro-Display-Regular.otf */,
				6162D0F424E11DD900E49B45 /* SF-Pro-Display-Semibold.otf */,
			);
			path = Fonts;
			sourceTree = "<group>";
		};
		6162D10524E1305700E49B45 /* Models */ = {
			isa = PBXGroup;
			children = (
				6162D10624E1306400E49B45 /* WelcomeGuideInfo.swift */,
				61204D1224E13C45004B4FA4 /* Counter.swift */,
			);
			path = Models;
			sourceTree = "<group>";
		};
		618780B424E0CF5B00ED6184 = {
			isa = PBXGroup;
			children = (
				618780BF24E0CF5B00ED6184 /* Counters */,
				618780D924E0CF5D00ED6184 /* CountersTests */,
				618780E424E0CF5D00ED6184 /* CountersUITests */,
				6162D0C224E0FE5500E49B45 /* Components */,
				6162D0CF24E0FE5600E49B45 /* ComponentsTests */,
				618780BE24E0CF5B00ED6184 /* Products */,
			);
			sourceTree = "<group>";
		};
		618780BE24E0CF5B00ED6184 /* Products */ = {
			isa = PBXGroup;
			children = (
				618780BD24E0CF5B00ED6184 /* Counters.app */,
				618780D624E0CF5D00ED6184 /* CountersTests.xctest */,
				618780E124E0CF5D00ED6184 /* CountersUITests.xctest */,
				6162D0C124E0FE5500E49B45 /* Components.framework */,
				6162D0C924E0FE5600E49B45 /* ComponentsTests.xctest */,
			);
			name = Products;
			sourceTree = "<group>";
		};
		618780BF24E0CF5B00ED6184 /* Counters */ = {
			isa = PBXGroup;
			children = (
				6162D0ED24E1038300E49B45 /* App */,
				618780C024E0CF5C00ED6184 /* AppDelegate.swift */,
				618780C224E0CF5C00ED6184 /* SceneDelegate.swift */,
				618780CC24E0CF5D00ED6184 /* Assets.xcassets */,
				618780CE24E0CF5D00ED6184 /* LaunchScreen.storyboard */,
				618780D124E0CF5D00ED6184 /* Info.plist */,
				618780C924E0CF5C00ED6184 /* Counters.xcdatamodeld */,
				618780FD24E0D0B700ED6184 /* Localizable.strings */,
			);
			path = Counters;
			sourceTree = "<group>";
		};
		618780D924E0CF5D00ED6184 /* CountersTests */ = {
			isa = PBXGroup;
			children = (
				6162D09724E0FC7500E49B45 /* AppDelegateTests.swift */,
				618780DA24E0CF5D00ED6184 /* CountersTests.swift */,
				618780DC24E0CF5D00ED6184 /* Info.plist */,
			);
			path = CountersTests;
			sourceTree = "<group>";
		};
		618780E424E0CF5D00ED6184 /* CountersUITests */ = {
			isa = PBXGroup;
			children = (
				618780E524E0CF5D00ED6184 /* CountersUITests.swift */,
				618780E724E0CF5D00ED6184 /* Info.plist */,
			);
			path = CountersUITests;
			sourceTree = "<group>";
		};
		61A12D9424E699230037DCA4 /* AddCounter */ = {
			isa = PBXGroup;
			children = (
				61A12D9524E699380037DCA4 /* AddCounterViewController.swift */,
				61A12D9724E699440037DCA4 /* AddCounter.storyboard */,
				61A12D9924E6A0870037DCA4 /* AddCounterViewModel.swift */,
			);
			path = AddCounter;
			sourceTree = "<group>";
		};
		61A12D9B24E6A7C60037DCA4 /* ExampleCounter */ = {
			isa = PBXGroup;
			children = (
				61A12DA224E6AB100037DCA4 /* Views */,
				61A12D9C24E6A7DC0037DCA4 /* ExampleViewController.swift */,
				61A12D9E24E6A8070037DCA4 /* ExampleViewModel.swift */,
			);
			path = ExampleCounter;
			sourceTree = "<group>";
		};
		61A12DA224E6AB100037DCA4 /* Views */ = {
			isa = PBXGroup;
			children = (
				61A12DA324E6AB290037DCA4 /* ExampleTableViewCell.swift */,
				61A12DA024E6A9900037DCA4 /* Examples.storyboard */,
				61A12DA524E6AB380037DCA4 /* ExampleCollectionViewCell.swift */,
			);
			path = Views;
			sourceTree = "<group>";
		};
		61A12DA924E6C4250037DCA4 /* API */ = {
			isa = PBXGroup;
			children = (
				61A12DAC24E6C49E0037DCA4 /* CounterAPI.swift */,
			);
			path = API;
			sourceTree = "<group>";
		};
		61B874F024E1330D00AB845A /* Home */ = {
			isa = PBXGroup;
			children = (
				61E6C54124E4E34900E4CC69 /* Views */,
				61B874F324E1378800AB845A /* HomeViewController.swift */,
				6165218B24E727FC00818B55 /* HomeViewController+Extensions.swift */,
				61E6C54424E5F7C000E4CC69 /* HomeViewModel.swift */,
			);
			path = Home;
			sourceTree = "<group>";
		};
		61E6C54124E4E34900E4CC69 /* Views */ = {
			isa = PBXGroup;
			children = (
				61B874F124E1332400AB845A /* Home.storyboard */,
				61204D1D24E1515C004B4FA4 /* CounterToolBar.swift */,
				61E6C54224E4E35D00E4CC69 /* CounterTableViewCell.swift */,
			);
			path = Views;
			sourceTree = "<group>";
		};
/* End PBXGroup section */

/* Begin PBXHeadersBuildPhase section */
		6162D0BC24E0FE5500E49B45 /* Headers */ = {
			isa = PBXHeadersBuildPhase;
			buildActionMask = 2147483647;
			files = (
				6162D0D324E0FE5600E49B45 /* Components.h in Headers */,
			);
			runOnlyForDeploymentPostprocessing = 0;
		};
/* End PBXHeadersBuildPhase section */

/* Begin PBXNativeTarget section */
		6162D0C024E0FE5500E49B45 /* Components */ = {
			isa = PBXNativeTarget;
			buildConfigurationList = 6162D0D824E0FE5600E49B45 /* Build configuration list for PBXNativeTarget "Components" */;
			buildPhases = (
				6162D0BC24E0FE5500E49B45 /* Headers */,
				6162D0BD24E0FE5500E49B45 /* Sources */,
				6162D0BE24E0FE5500E49B45 /* Frameworks */,
				6162D0BF24E0FE5500E49B45 /* Resources */,
			);
			buildRules = (
			);
			dependencies = (
			);
			name = Components;
			productName = Components;
			productReference = 6162D0C124E0FE5500E49B45 /* Components.framework */;
			productType = "com.apple.product-type.framework";
		};
		6162D0C824E0FE5600E49B45 /* ComponentsTests */ = {
			isa = PBXNativeTarget;
			buildConfigurationList = 6162D0DB24E0FE5600E49B45 /* Build configuration list for PBXNativeTarget "ComponentsTests" */;
			buildPhases = (
				6162D0C524E0FE5600E49B45 /* Sources */,
				6162D0C624E0FE5600E49B45 /* Frameworks */,
				6162D0C724E0FE5600E49B45 /* Resources */,
			);
			buildRules = (
			);
			dependencies = (
				6162D0CC24E0FE5600E49B45 /* PBXTargetDependency */,
				6162D0CE24E0FE5600E49B45 /* PBXTargetDependency */,
			);
			name = ComponentsTests;
			productName = ComponentsTests;
			productReference = 6162D0C924E0FE5600E49B45 /* ComponentsTests.xctest */;
			productType = "com.apple.product-type.bundle.unit-test";
		};
		618780BC24E0CF5B00ED6184 /* Counters */ = {
			isa = PBXNativeTarget;
			buildConfigurationList = 618780EA24E0CF5D00ED6184 /* Build configuration list for PBXNativeTarget "Counters" */;
			buildPhases = (
				618780B924E0CF5B00ED6184 /* Sources */,
				618780BA24E0CF5B00ED6184 /* Frameworks */,
				618780BB24E0CF5B00ED6184 /* Resources */,
				6162D0B824E0FDEE00E49B45 /* Embed Frameworks */,
			);
			buildRules = (
			);
			dependencies = (
				6162D0D524E0FE5600E49B45 /* PBXTargetDependency */,
			);
			name = Counters;
			productName = Counters;
			productReference = 618780BD24E0CF5B00ED6184 /* Counters.app */;
			productType = "com.apple.product-type.application";
		};
		618780D524E0CF5D00ED6184 /* CountersTests */ = {
			isa = PBXNativeTarget;
			buildConfigurationList = 618780ED24E0CF5D00ED6184 /* Build configuration list for PBXNativeTarget "CountersTests" */;
			buildPhases = (
				618780D224E0CF5D00ED6184 /* Sources */,
				618780D324E0CF5D00ED6184 /* Frameworks */,
				618780D424E0CF5D00ED6184 /* Resources */,
			);
			buildRules = (
			);
			dependencies = (
				618780D824E0CF5D00ED6184 /* PBXTargetDependency */,
			);
			name = CountersTests;
			productName = CountersTests;
			productReference = 618780D624E0CF5D00ED6184 /* CountersTests.xctest */;
			productType = "com.apple.product-type.bundle.unit-test";
		};
		618780E024E0CF5D00ED6184 /* CountersUITests */ = {
			isa = PBXNativeTarget;
			buildConfigurationList = 618780F024E0CF5D00ED6184 /* Build configuration list for PBXNativeTarget "CountersUITests" */;
			buildPhases = (
				618780DD24E0CF5D00ED6184 /* Sources */,
				618780DE24E0CF5D00ED6184 /* Frameworks */,
				618780DF24E0CF5D00ED6184 /* Resources */,
			);
			buildRules = (
			);
			dependencies = (
				618780E324E0CF5D00ED6184 /* PBXTargetDependency */,
			);
			name = CountersUITests;
			productName = CountersUITests;
			productReference = 618780E124E0CF5D00ED6184 /* CountersUITests.xctest */;
			productType = "com.apple.product-type.bundle.ui-testing";
		};
/* End PBXNativeTarget section */

/* Begin PBXProject section */
		618780B524E0CF5B00ED6184 /* Project object */ = {
			isa = PBXProject;
			attributes = {
				LastSwiftUpdateCheck = 1200;
				LastUpgradeCheck = 1200;
				TargetAttributes = {
					6162D0C024E0FE5500E49B45 = {
						CreatedOnToolsVersion = 12.0;
					};
					6162D0C824E0FE5600E49B45 = {
						CreatedOnToolsVersion = 12.0;
						TestTargetID = 618780BC24E0CF5B00ED6184;
					};
					618780BC24E0CF5B00ED6184 = {
						CreatedOnToolsVersion = 12.0;
					};
					618780D524E0CF5D00ED6184 = {
						CreatedOnToolsVersion = 12.0;
						TestTargetID = 618780BC24E0CF5B00ED6184;
					};
					618780E024E0CF5D00ED6184 = {
						CreatedOnToolsVersion = 12.0;
						TestTargetID = 618780BC24E0CF5B00ED6184;
					};
				};
			};
			buildConfigurationList = 618780B824E0CF5B00ED6184 /* Build configuration list for PBXProject "Counters" */;
			compatibilityVersion = "Xcode 9.3";
			developmentRegion = en;
			hasScannedForEncodings = 0;
			knownRegions = (
				en,
				Base,
			);
			mainGroup = 618780B424E0CF5B00ED6184;
			productRefGroup = 618780BE24E0CF5B00ED6184 /* Products */;
			projectDirPath = "";
			projectRoot = "";
			targets = (
				618780BC24E0CF5B00ED6184 /* Counters */,
				618780D524E0CF5D00ED6184 /* CountersTests */,
				618780E024E0CF5D00ED6184 /* CountersUITests */,
				6162D0C024E0FE5500E49B45 /* Components */,
				6162D0C824E0FE5600E49B45 /* ComponentsTests */,
			);
		};
/* End PBXProject section */

/* Begin PBXResourcesBuildPhase section */
		6162D0BF24E0FE5500E49B45 /* Resources */ = {
			isa = PBXResourcesBuildPhase;
			buildActionMask = 2147483647;
			files = (
				6162D0FA24E11DDA00E49B45 /* SF-Pro-Display-Medium.otf in Resources */,
				6162D0FD24E11DDA00E49B45 /* SF-Pro-Display-Heavy.otf in Resources */,
				6162D0FB24E11DDA00E49B45 /* SF-Pro-Display-Regular.otf in Resources */,
				6162D0FC24E11DDA00E49B45 /* SF-Pro-Display-Bold.otf in Resources */,
				6162D0F924E11DDA00E49B45 /* SF-Pro-Display-Semibold.otf in Resources */,
			);
			runOnlyForDeploymentPostprocessing = 0;
		};
		6162D0C724E0FE5600E49B45 /* Resources */ = {
			isa = PBXResourcesBuildPhase;
			buildActionMask = 2147483647;
			files = (
			);
			runOnlyForDeploymentPostprocessing = 0;
		};
		618780BB24E0CF5B00ED6184 /* Resources */ = {
			isa = PBXResourcesBuildPhase;
			buildActionMask = 2147483647;
			files = (
				6162D10324E11EA500E49B45 /* SF-Pro-Display-Medium.otf in Resources */,
				61B874F224E1332400AB845A /* Home.storyboard in Resources */,
				618780D024E0CF5D00ED6184 /* LaunchScreen.storyboard in Resources */,
				61A12DA124E6A9900037DCA4 /* Examples.storyboard in Resources */,
				6162D10424E11EA500E49B45 /* SF-Pro-Display-Bold.otf in Resources */,
				61A12D9824E699440037DCA4 /* AddCounter.storyboard in Resources */,
				61204D1724E13F4D004B4FA4 /* EmptyStateView.xib in Resources */,
				618780FE24E0D0B700ED6184 /* Localizable.strings in Resources */,
				6162D10024E11EA500E49B45 /* SF-Pro-Display-Semibold.otf in Resources */,
				618780CD24E0CF5D00ED6184 /* Assets.xcassets in Resources */,
				618780C824E0CF5C00ED6184 /* Main.storyboard in Resources */,
				6162D10224E11EA500E49B45 /* SF-Pro-Display-Regular.otf in Resources */,
				6162D10124E11EA500E49B45 /* SF-Pro-Display-Heavy.otf in Resources */,
			);
			runOnlyForDeploymentPostprocessing = 0;
		};
		618780D424E0CF5D00ED6184 /* Resources */ = {
			isa = PBXResourcesBuildPhase;
			buildActionMask = 2147483647;
			files = (
			);
			runOnlyForDeploymentPostprocessing = 0;
		};
		618780DF24E0CF5D00ED6184 /* Resources */ = {
			isa = PBXResourcesBuildPhase;
			buildActionMask = 2147483647;
			files = (
			);
			runOnlyForDeploymentPostprocessing = 0;
		};
/* End PBXResourcesBuildPhase section */

/* Begin PBXSourcesBuildPhase section */
		6162D0BD24E0FE5500E49B45 /* Sources */ = {
			isa = PBXSourcesBuildPhase;
			buildActionMask = 2147483647;
			files = (
				6162D0E724E0FE6600E49B45 /* UIButton+Style.swift in Sources */,
				6162D0EC24E0FFF700E49B45 /* RoundedSquareView.swift in Sources */,
				6162D0E924E0FE6600E49B45 /* Fonts.swift in Sources */,
				6162D0EA24E0FE6600E49B45 /* UILabel+Style.swift in Sources */,
				6162D0E824E0FE6600E49B45 /* Image.swift in Sources */,
				6162D0E524E0FE6600E49B45 /* Language.swift in Sources */,
				6162D0E624E0FE6600E49B45 /* UIColor+Style.swift in Sources */,
			);
			runOnlyForDeploymentPostprocessing = 0;
		};
		6162D0C524E0FE5600E49B45 /* Sources */ = {
			isa = PBXSourcesBuildPhase;
			buildActionMask = 2147483647;
			files = (
				6162D0D124E0FE5600E49B45 /* ComponentsTests.swift in Sources */,
			);
			runOnlyForDeploymentPostprocessing = 0;
		};
		618780B924E0CF5B00ED6184 /* Sources */ = {
			isa = PBXSourcesBuildPhase;
			buildActionMask = 2147483647;
			files = (
				61204D1324E13C45004B4FA4 /* Counter.swift in Sources */,
				61A12D9D24E6A7DC0037DCA4 /* ExampleViewController.swift in Sources */,
				61A12D9A24E6A0870037DCA4 /* AddCounterViewModel.swift in Sources */,
				618780CB24E0CF5C00ED6184 /* Counters.xcdatamodeld in Sources */,
				6162D0F124E103AE00E49B45 /* WelcomeTableViewCell.swift in Sources */,
				618780C524E0CF5C00ED6184 /* WelcomeViewController.swift in Sources */,
				61A12D9F24E6A8070037DCA4 /* ExampleViewModel.swift in Sources */,
				618780C124E0CF5C00ED6184 /* AppDelegate.swift in Sources */,
				61A12DA424E6AB290037DCA4 /* ExampleTableViewCell.swift in Sources */,
				61204D1B24E141CD004B4FA4 /* EmptyStateViewController.swift in Sources */,
				61204D1E24E1515C004B4FA4 /* CounterToolBar.swift in Sources */,
				61E6C54524E5F7C000E4CC69 /* HomeViewModel.swift in Sources */,
				61A12D9624E699380037DCA4 /* AddCounterViewController.swift in Sources */,
				61A12DAD24E6C49E0037DCA4 /* CounterAPI.swift in Sources */,
				61E6C54324E4E35D00E4CC69 /* CounterTableViewCell.swift in Sources */,
				618780C324E0CF5C00ED6184 /* SceneDelegate.swift in Sources */,
				61A12DA624E6AB380037DCA4 /* ExampleCollectionViewCell.swift in Sources */,
				6165218C24E727FC00818B55 /* HomeViewController+Extensions.swift in Sources */,
				61B874F424E1378800AB845A /* HomeViewController.swift in Sources */,
				6162D10724E1306400E49B45 /* WelcomeGuideInfo.swift in Sources */,
			);
			runOnlyForDeploymentPostprocessing = 0;
		};
		618780D224E0CF5D00ED6184 /* Sources */ = {
			isa = PBXSourcesBuildPhase;
			buildActionMask = 2147483647;
			files = (
				6162D09824E0FC7500E49B45 /* AppDelegateTests.swift in Sources */,
				618780DB24E0CF5D00ED6184 /* CountersTests.swift in Sources */,
			);
			runOnlyForDeploymentPostprocessing = 0;
		};
		618780DD24E0CF5D00ED6184 /* Sources */ = {
			isa = PBXSourcesBuildPhase;
			buildActionMask = 2147483647;
			files = (
				618780E624E0CF5D00ED6184 /* CountersUITests.swift in Sources */,
			);
			runOnlyForDeploymentPostprocessing = 0;
		};
/* End PBXSourcesBuildPhase section */

/* Begin PBXTargetDependency section */
		6162D0CC24E0FE5600E49B45 /* PBXTargetDependency */ = {
			isa = PBXTargetDependency;
			target = 6162D0C024E0FE5500E49B45 /* Components */;
			targetProxy = 6162D0CB24E0FE5600E49B45 /* PBXContainerItemProxy */;
		};
		6162D0CE24E0FE5600E49B45 /* PBXTargetDependency */ = {
			isa = PBXTargetDependency;
			target = 618780BC24E0CF5B00ED6184 /* Counters */;
			targetProxy = 6162D0CD24E0FE5600E49B45 /* PBXContainerItemProxy */;
		};
		6162D0D524E0FE5600E49B45 /* PBXTargetDependency */ = {
			isa = PBXTargetDependency;
			target = 6162D0C024E0FE5500E49B45 /* Components */;
			targetProxy = 6162D0D424E0FE5600E49B45 /* PBXContainerItemProxy */;
		};
		618780D824E0CF5D00ED6184 /* PBXTargetDependency */ = {
			isa = PBXTargetDependency;
			target = 618780BC24E0CF5B00ED6184 /* Counters */;
			targetProxy = 618780D724E0CF5D00ED6184 /* PBXContainerItemProxy */;
		};
		618780E324E0CF5D00ED6184 /* PBXTargetDependency */ = {
			isa = PBXTargetDependency;
			target = 618780BC24E0CF5B00ED6184 /* Counters */;
			targetProxy = 618780E224E0CF5D00ED6184 /* PBXContainerItemProxy */;
		};
/* End PBXTargetDependency section */

/* Begin PBXVariantGroup section */
		618780C624E0CF5C00ED6184 /* Main.storyboard */ = {
			isa = PBXVariantGroup;
			children = (
				618780C724E0CF5C00ED6184 /* Base */,
			);
			name = Main.storyboard;
			sourceTree = "<group>";
		};
		618780CE24E0CF5D00ED6184 /* LaunchScreen.storyboard */ = {
			isa = PBXVariantGroup;
			children = (
				618780CF24E0CF5D00ED6184 /* Base */,
			);
			name = LaunchScreen.storyboard;
			sourceTree = "<group>";
		};
/* End PBXVariantGroup section */

/* Begin XCBuildConfiguration section */
		6162D0D924E0FE5600E49B45 /* Debug */ = {
			isa = XCBuildConfiguration;
			buildSettings = {
				CODE_SIGN_STYLE = Automatic;
				CURRENT_PROJECT_VERSION = 1;
				DEFINES_MODULE = YES;
				DEVELOPMENT_TEAM = K87XPR878Y;
				DYLIB_COMPATIBILITY_VERSION = 1;
				DYLIB_CURRENT_VERSION = 1;
				DYLIB_INSTALL_NAME_BASE = "@rpath";
				INFOPLIST_FILE = Components/Info.plist;
				INSTALL_PATH = "$(LOCAL_LIBRARY_DIR)/Frameworks";
				LD_RUNPATH_SEARCH_PATHS = (
					"$(inherited)",
					"@executable_path/Frameworks",
					"@loader_path/Frameworks",
				);
				PRODUCT_BUNDLE_IDENTIFIER = bolivarbryan.Components;
				PRODUCT_NAME = "$(TARGET_NAME:c99extidentifier)";
				SKIP_INSTALL = YES;
				SWIFT_VERSION = 5.0;
				TARGETED_DEVICE_FAMILY = "1,2";
				VERSIONING_SYSTEM = "apple-generic";
				VERSION_INFO_PREFIX = "";
			};
			name = Debug;
		};
		6162D0DA24E0FE5600E49B45 /* Release */ = {
			isa = XCBuildConfiguration;
			buildSettings = {
				CODE_SIGN_STYLE = Automatic;
				CURRENT_PROJECT_VERSION = 1;
				DEFINES_MODULE = YES;
				DEVELOPMENT_TEAM = K87XPR878Y;
				DYLIB_COMPATIBILITY_VERSION = 1;
				DYLIB_CURRENT_VERSION = 1;
				DYLIB_INSTALL_NAME_BASE = "@rpath";
				INFOPLIST_FILE = Components/Info.plist;
				INSTALL_PATH = "$(LOCAL_LIBRARY_DIR)/Frameworks";
				LD_RUNPATH_SEARCH_PATHS = (
					"$(inherited)",
					"@executable_path/Frameworks",
					"@loader_path/Frameworks",
				);
				PRODUCT_BUNDLE_IDENTIFIER = bolivarbryan.Components;
				PRODUCT_NAME = "$(TARGET_NAME:c99extidentifier)";
				SKIP_INSTALL = YES;
				SWIFT_VERSION = 5.0;
				TARGETED_DEVICE_FAMILY = "1,2";
				VERSIONING_SYSTEM = "apple-generic";
				VERSION_INFO_PREFIX = "";
			};
			name = Release;
		};
		6162D0DC24E0FE5600E49B45 /* Debug */ = {
			isa = XCBuildConfiguration;
			buildSettings = {
				ALWAYS_EMBED_SWIFT_STANDARD_LIBRARIES = YES;
				CODE_SIGN_STYLE = Automatic;
				DEVELOPMENT_TEAM = K87XPR878Y;
				INFOPLIST_FILE = ComponentsTests/Info.plist;
				LD_RUNPATH_SEARCH_PATHS = (
					"$(inherited)",
					"@executable_path/Frameworks",
					"@loader_path/Frameworks",
				);
				PRODUCT_BUNDLE_IDENTIFIER = bolivarbryan.ComponentsTests;
				PRODUCT_NAME = "$(TARGET_NAME)";
				SWIFT_VERSION = 5.0;
				TARGETED_DEVICE_FAMILY = "1,2";
				TEST_HOST = "$(BUILT_PRODUCTS_DIR)/Counters.app/Counters";
			};
			name = Debug;
		};
		6162D0DD24E0FE5600E49B45 /* Release */ = {
			isa = XCBuildConfiguration;
			buildSettings = {
				ALWAYS_EMBED_SWIFT_STANDARD_LIBRARIES = YES;
				CODE_SIGN_STYLE = Automatic;
				DEVELOPMENT_TEAM = K87XPR878Y;
				INFOPLIST_FILE = ComponentsTests/Info.plist;
				LD_RUNPATH_SEARCH_PATHS = (
					"$(inherited)",
					"@executable_path/Frameworks",
					"@loader_path/Frameworks",
				);
				PRODUCT_BUNDLE_IDENTIFIER = bolivarbryan.ComponentsTests;
				PRODUCT_NAME = "$(TARGET_NAME)";
				SWIFT_VERSION = 5.0;
				TARGETED_DEVICE_FAMILY = "1,2";
				TEST_HOST = "$(BUILT_PRODUCTS_DIR)/Counters.app/Counters";
			};
			name = Release;
		};
		618780E824E0CF5D00ED6184 /* Debug */ = {
			isa = XCBuildConfiguration;
			buildSettings = {
				ALWAYS_SEARCH_USER_PATHS = NO;
				CLANG_ANALYZER_NONNULL = YES;
				CLANG_ANALYZER_NUMBER_OBJECT_CONVERSION = YES_AGGRESSIVE;
				CLANG_CXX_LANGUAGE_STANDARD = "gnu++14";
				CLANG_CXX_LIBRARY = "libc++";
				CLANG_ENABLE_MODULES = YES;
				CLANG_ENABLE_OBJC_ARC = YES;
				CLANG_ENABLE_OBJC_WEAK = YES;
				CLANG_WARN_BLOCK_CAPTURE_AUTORELEASING = YES;
				CLANG_WARN_BOOL_CONVERSION = YES;
				CLANG_WARN_COMMA = YES;
				CLANG_WARN_CONSTANT_CONVERSION = YES;
				CLANG_WARN_DEPRECATED_OBJC_IMPLEMENTATIONS = YES;
				CLANG_WARN_DIRECT_OBJC_ISA_USAGE = YES_ERROR;
				CLANG_WARN_DOCUMENTATION_COMMENTS = YES;
				CLANG_WARN_EMPTY_BODY = YES;
				CLANG_WARN_ENUM_CONVERSION = YES;
				CLANG_WARN_INFINITE_RECURSION = YES;
				CLANG_WARN_INT_CONVERSION = YES;
				CLANG_WARN_NON_LITERAL_NULL_CONVERSION = YES;
				CLANG_WARN_OBJC_IMPLICIT_RETAIN_SELF = YES;
				CLANG_WARN_OBJC_LITERAL_CONVERSION = YES;
				CLANG_WARN_OBJC_ROOT_CLASS = YES_ERROR;
				CLANG_WARN_QUOTED_INCLUDE_IN_FRAMEWORK_HEADER = YES;
				CLANG_WARN_RANGE_LOOP_ANALYSIS = YES;
				CLANG_WARN_STRICT_PROTOTYPES = YES;
				CLANG_WARN_SUSPICIOUS_MOVE = YES;
				CLANG_WARN_UNGUARDED_AVAILABILITY = YES_AGGRESSIVE;
				CLANG_WARN_UNREACHABLE_CODE = YES;
				CLANG_WARN__DUPLICATE_METHOD_MATCH = YES;
				COPY_PHASE_STRIP = NO;
				DEBUG_INFORMATION_FORMAT = dwarf;
				ENABLE_STRICT_OBJC_MSGSEND = YES;
				ENABLE_TESTABILITY = YES;
				GCC_C_LANGUAGE_STANDARD = gnu11;
				GCC_DYNAMIC_NO_PIC = NO;
				GCC_NO_COMMON_BLOCKS = YES;
				GCC_OPTIMIZATION_LEVEL = 0;
				GCC_PREPROCESSOR_DEFINITIONS = (
					"DEBUG=1",
					"$(inherited)",
				);
				GCC_WARN_64_TO_32_BIT_CONVERSION = YES;
				GCC_WARN_ABOUT_RETURN_TYPE = YES_ERROR;
				GCC_WARN_UNDECLARED_SELECTOR = YES;
				GCC_WARN_UNINITIALIZED_AUTOS = YES_AGGRESSIVE;
				GCC_WARN_UNUSED_FUNCTION = YES;
				GCC_WARN_UNUSED_VARIABLE = YES;
				IPHONEOS_DEPLOYMENT_TARGET = 14.0;
				MTL_ENABLE_DEBUG_INFO = INCLUDE_SOURCE;
				MTL_FAST_MATH = YES;
				ONLY_ACTIVE_ARCH = YES;
				SDKROOT = iphoneos;
				SWIFT_ACTIVE_COMPILATION_CONDITIONS = DEBUG;
				SWIFT_OPTIMIZATION_LEVEL = "-Onone";
			};
			name = Debug;
		};
		618780E924E0CF5D00ED6184 /* Release */ = {
			isa = XCBuildConfiguration;
			buildSettings = {
				ALWAYS_SEARCH_USER_PATHS = NO;
				CLANG_ANALYZER_NONNULL = YES;
				CLANG_ANALYZER_NUMBER_OBJECT_CONVERSION = YES_AGGRESSIVE;
				CLANG_CXX_LANGUAGE_STANDARD = "gnu++14";
				CLANG_CXX_LIBRARY = "libc++";
				CLANG_ENABLE_MODULES = YES;
				CLANG_ENABLE_OBJC_ARC = YES;
				CLANG_ENABLE_OBJC_WEAK = YES;
				CLANG_WARN_BLOCK_CAPTURE_AUTORELEASING = YES;
				CLANG_WARN_BOOL_CONVERSION = YES;
				CLANG_WARN_COMMA = YES;
				CLANG_WARN_CONSTANT_CONVERSION = YES;
				CLANG_WARN_DEPRECATED_OBJC_IMPLEMENTATIONS = YES;
				CLANG_WARN_DIRECT_OBJC_ISA_USAGE = YES_ERROR;
				CLANG_WARN_DOCUMENTATION_COMMENTS = YES;
				CLANG_WARN_EMPTY_BODY = YES;
				CLANG_WARN_ENUM_CONVERSION = YES;
				CLANG_WARN_INFINITE_RECURSION = YES;
				CLANG_WARN_INT_CONVERSION = YES;
				CLANG_WARN_NON_LITERAL_NULL_CONVERSION = YES;
				CLANG_WARN_OBJC_IMPLICIT_RETAIN_SELF = YES;
				CLANG_WARN_OBJC_LITERAL_CONVERSION = YES;
				CLANG_WARN_OBJC_ROOT_CLASS = YES_ERROR;
				CLANG_WARN_QUOTED_INCLUDE_IN_FRAMEWORK_HEADER = YES;
				CLANG_WARN_RANGE_LOOP_ANALYSIS = YES;
				CLANG_WARN_STRICT_PROTOTYPES = YES;
				CLANG_WARN_SUSPICIOUS_MOVE = YES;
				CLANG_WARN_UNGUARDED_AVAILABILITY = YES_AGGRESSIVE;
				CLANG_WARN_UNREACHABLE_CODE = YES;
				CLANG_WARN__DUPLICATE_METHOD_MATCH = YES;
				COPY_PHASE_STRIP = NO;
				DEBUG_INFORMATION_FORMAT = "dwarf-with-dsym";
				ENABLE_NS_ASSERTIONS = NO;
				ENABLE_STRICT_OBJC_MSGSEND = YES;
				GCC_C_LANGUAGE_STANDARD = gnu11;
				GCC_NO_COMMON_BLOCKS = YES;
				GCC_WARN_64_TO_32_BIT_CONVERSION = YES;
				GCC_WARN_ABOUT_RETURN_TYPE = YES_ERROR;
				GCC_WARN_UNDECLARED_SELECTOR = YES;
				GCC_WARN_UNINITIALIZED_AUTOS = YES_AGGRESSIVE;
				GCC_WARN_UNUSED_FUNCTION = YES;
				GCC_WARN_UNUSED_VARIABLE = YES;
				IPHONEOS_DEPLOYMENT_TARGET = 14.0;
				MTL_ENABLE_DEBUG_INFO = NO;
				MTL_FAST_MATH = YES;
				SDKROOT = iphoneos;
				SWIFT_COMPILATION_MODE = wholemodule;
				SWIFT_OPTIMIZATION_LEVEL = "-O";
				VALIDATE_PRODUCT = YES;
			};
			name = Release;
		};
		618780EB24E0CF5D00ED6184 /* Debug */ = {
			isa = XCBuildConfiguration;
			buildSettings = {
				ALWAYS_EMBED_SWIFT_STANDARD_LIBRARIES = YES;
				ASSETCATALOG_COMPILER_APPICON_NAME = AppIcon;
				ASSETCATALOG_COMPILER_GLOBAL_ACCENT_COLOR_NAME = AccentColor;
				CODE_SIGN_STYLE = Automatic;
				DEVELOPMENT_TEAM = K87XPR878Y;
				INFOPLIST_FILE = Counters/Info.plist;
				LD_RUNPATH_SEARCH_PATHS = (
					"$(inherited)",
					"@executable_path/Frameworks",
				);
				PRODUCT_BUNDLE_IDENTIFIER = bolivarbryan.Counters;
				PRODUCT_NAME = "$(TARGET_NAME)";
				SWIFT_VERSION = 5.0;
				TARGETED_DEVICE_FAMILY = "1,2";
			};
			name = Debug;
		};
		618780EC24E0CF5D00ED6184 /* Release */ = {
			isa = XCBuildConfiguration;
			buildSettings = {
				ALWAYS_EMBED_SWIFT_STANDARD_LIBRARIES = YES;
				ASSETCATALOG_COMPILER_APPICON_NAME = AppIcon;
				ASSETCATALOG_COMPILER_GLOBAL_ACCENT_COLOR_NAME = AccentColor;
				CODE_SIGN_STYLE = Automatic;
				DEVELOPMENT_TEAM = K87XPR878Y;
				INFOPLIST_FILE = Counters/Info.plist;
				LD_RUNPATH_SEARCH_PATHS = (
					"$(inherited)",
					"@executable_path/Frameworks",
				);
				PRODUCT_BUNDLE_IDENTIFIER = bolivarbryan.Counters;
				PRODUCT_NAME = "$(TARGET_NAME)";
				SWIFT_VERSION = 5.0;
				TARGETED_DEVICE_FAMILY = "1,2";
			};
			name = Release;
		};
		618780EE24E0CF5D00ED6184 /* Debug */ = {
			isa = XCBuildConfiguration;
			buildSettings = {
				ALWAYS_EMBED_SWIFT_STANDARD_LIBRARIES = YES;
				BUNDLE_LOADER = "$(TEST_HOST)";
				CODE_SIGN_STYLE = Automatic;
				DEVELOPMENT_TEAM = K87XPR878Y;
				INFOPLIST_FILE = CountersTests/Info.plist;
				IPHONEOS_DEPLOYMENT_TARGET = 14.0;
				LD_RUNPATH_SEARCH_PATHS = (
					"$(inherited)",
					"@executable_path/Frameworks",
					"@loader_path/Frameworks",
				);
				PRODUCT_BUNDLE_IDENTIFIER = bolivarbryan.CountersTests;
				PRODUCT_NAME = "$(TARGET_NAME)";
				SWIFT_VERSION = 5.0;
				TARGETED_DEVICE_FAMILY = "1,2";
				TEST_HOST = "$(BUILT_PRODUCTS_DIR)/Counters.app/Counters";
			};
			name = Debug;
		};
		618780EF24E0CF5D00ED6184 /* Release */ = {
			isa = XCBuildConfiguration;
			buildSettings = {
				ALWAYS_EMBED_SWIFT_STANDARD_LIBRARIES = YES;
				BUNDLE_LOADER = "$(TEST_HOST)";
				CODE_SIGN_STYLE = Automatic;
				DEVELOPMENT_TEAM = K87XPR878Y;
				INFOPLIST_FILE = CountersTests/Info.plist;
				IPHONEOS_DEPLOYMENT_TARGET = 14.0;
				LD_RUNPATH_SEARCH_PATHS = (
					"$(inherited)",
					"@executable_path/Frameworks",
					"@loader_path/Frameworks",
				);
				PRODUCT_BUNDLE_IDENTIFIER = bolivarbryan.CountersTests;
				PRODUCT_NAME = "$(TARGET_NAME)";
				SWIFT_VERSION = 5.0;
				TARGETED_DEVICE_FAMILY = "1,2";
				TEST_HOST = "$(BUILT_PRODUCTS_DIR)/Counters.app/Counters";
			};
			name = Release;
		};
		618780F124E0CF5D00ED6184 /* Debug */ = {
			isa = XCBuildConfiguration;
			buildSettings = {
				ALWAYS_EMBED_SWIFT_STANDARD_LIBRARIES = YES;
				CODE_SIGN_STYLE = Automatic;
				DEVELOPMENT_TEAM = K87XPR878Y;
				INFOPLIST_FILE = CountersUITests/Info.plist;
				LD_RUNPATH_SEARCH_PATHS = (
					"$(inherited)",
					"@executable_path/Frameworks",
					"@loader_path/Frameworks",
				);
				PRODUCT_BUNDLE_IDENTIFIER = bolivarbryan.CountersUITests;
				PRODUCT_NAME = "$(TARGET_NAME)";
				SWIFT_VERSION = 5.0;
				TARGETED_DEVICE_FAMILY = "1,2";
				TEST_TARGET_NAME = Counters;
			};
			name = Debug;
		};
		618780F224E0CF5D00ED6184 /* Release */ = {
			isa = XCBuildConfiguration;
			buildSettings = {
				ALWAYS_EMBED_SWIFT_STANDARD_LIBRARIES = YES;
				CODE_SIGN_STYLE = Automatic;
				DEVELOPMENT_TEAM = K87XPR878Y;
				INFOPLIST_FILE = CountersUITests/Info.plist;
				LD_RUNPATH_SEARCH_PATHS = (
					"$(inherited)",
					"@executable_path/Frameworks",
					"@loader_path/Frameworks",
				);
				PRODUCT_BUNDLE_IDENTIFIER = bolivarbryan.CountersUITests;
				PRODUCT_NAME = "$(TARGET_NAME)";
				SWIFT_VERSION = 5.0;
				TARGETED_DEVICE_FAMILY = "1,2";
				TEST_TARGET_NAME = Counters;
			};
			name = Release;
		};
/* End XCBuildConfiguration section */

/* Begin XCConfigurationList section */
		6162D0D824E0FE5600E49B45 /* Build configuration list for PBXNativeTarget "Components" */ = {
			isa = XCConfigurationList;
			buildConfigurations = (
				6162D0D924E0FE5600E49B45 /* Debug */,
				6162D0DA24E0FE5600E49B45 /* Release */,
			);
			defaultConfigurationIsVisible = 0;
			defaultConfigurationName = Release;
		};
		6162D0DB24E0FE5600E49B45 /* Build configuration list for PBXNativeTarget "ComponentsTests" */ = {
			isa = XCConfigurationList;
			buildConfigurations = (
				6162D0DC24E0FE5600E49B45 /* Debug */,
				6162D0DD24E0FE5600E49B45 /* Release */,
			);
			defaultConfigurationIsVisible = 0;
			defaultConfigurationName = Release;
		};
		618780B824E0CF5B00ED6184 /* Build configuration list for PBXProject "Counters" */ = {
			isa = XCConfigurationList;
			buildConfigurations = (
				618780E824E0CF5D00ED6184 /* Debug */,
				618780E924E0CF5D00ED6184 /* Release */,
			);
			defaultConfigurationIsVisible = 0;
			defaultConfigurationName = Release;
		};
		618780EA24E0CF5D00ED6184 /* Build configuration list for PBXNativeTarget "Counters" */ = {
			isa = XCConfigurationList;
			buildConfigurations = (
				618780EB24E0CF5D00ED6184 /* Debug */,
				618780EC24E0CF5D00ED6184 /* Release */,
			);
			defaultConfigurationIsVisible = 0;
			defaultConfigurationName = Release;
		};
		618780ED24E0CF5D00ED6184 /* Build configuration list for PBXNativeTarget "CountersTests" */ = {
			isa = XCConfigurationList;
			buildConfigurations = (
				618780EE24E0CF5D00ED6184 /* Debug */,
				618780EF24E0CF5D00ED6184 /* Release */,
			);
			defaultConfigurationIsVisible = 0;
			defaultConfigurationName = Release;
		};
		618780F024E0CF5D00ED6184 /* Build configuration list for PBXNativeTarget "CountersUITests" */ = {
			isa = XCConfigurationList;
			buildConfigurations = (
				618780F124E0CF5D00ED6184 /* Debug */,
				618780F224E0CF5D00ED6184 /* Release */,
			);
			defaultConfigurationIsVisible = 0;
			defaultConfigurationName = Release;
		};
/* End XCConfigurationList section */

/* Begin XCVersionGroup section */
		618780C924E0CF5C00ED6184 /* Counters.xcdatamodeld */ = {
			isa = XCVersionGroup;
			children = (
				618780CA24E0CF5C00ED6184 /* Counters.xcdatamodel */,
			);
			currentVersion = 618780CA24E0CF5C00ED6184 /* Counters.xcdatamodel */;
			path = Counters.xcdatamodeld;
			sourceTree = "<group>";
			versionGroupType = wrapper.xcdatamodel;
		};
/* End XCVersionGroup section */
	};
	rootObject = 618780B524E0CF5B00ED6184 /* Project object */;
}
